{
  "version": 4,
  "terraform_version": "1.1.8",
  "serial": 88,
  "lineage": "13a1b155-b229-f5f1-b33a-55e7eb1f7c69",
  "outputs": {
    "cloudfront_domain_name": {
      "value": "dr4hg956ubyn3.cloudfront.net",
      "type": "string"
    }
  },
  "resources": [
    {
      "module": "module.tf_next",
      "mode": "data",
      "type": "aws_cloudfront_cache_policy",
      "name": "managed_caching_optimized",
      "provider": "provider[\"registry.terraform.io/hashicorp/aws\"]",
      "instances": [
        {
          "schema_version": 0,
          "attributes": {
            "comment": "Default policy when CF compression is enabled",
            "default_ttl": 86400,
            "etag": "E23ZP02F085DFQ",
            "id": "658327ea-f89d-4fab-a63d-7e88639e58f6",
            "max_ttl": 31536000,
            "min_ttl": 1,
            "name": "Managed-CachingOptimized",
            "parameters_in_cache_key_and_forwarded_to_origin": [
              {
                "cookies_config": [
                  {
                    "cookie_behavior": "none",
                    "cookies": []
                  }
                ],
                "enable_accept_encoding_brotli": true,
                "enable_accept_encoding_gzip": true,
                "headers_config": [
                  {
                    "header_behavior": "none",
                    "headers": []
                  }
                ],
                "query_strings_config": [
                  {
                    "query_string_behavior": "none",
                    "query_strings": []
                  }
                ]
              }
            ]
          },
          "sensitive_attributes": []
        }
      ]
    },
    {
      "module": "module.tf_next",
      "mode": "data",
      "type": "aws_cloudfront_origin_request_policy",
      "name": "managed_all_viewer",
      "provider": "provider[\"registry.terraform.io/hashicorp/aws\"]",
      "instances": [
        {
          "schema_version": 0,
          "attributes": {
            "comment": "Policy with forward all parameters in viewer requests",
            "cookies_config": [
              {
                "cookie_behavior": "all",
                "cookies": []
              }
            ],
            "etag": "E23ZP02F085DFQ",
            "headers_config": [
              {
                "header_behavior": "allViewer",
                "headers": []
              }
            ],
            "id": "216adef6-5c7f-47e4-b989-5492eafa07d3",
            "name": "Managed-AllViewer",
            "query_strings_config": [
              {
                "query_string_behavior": "all",
                "query_strings": []
              }
            ]
          },
          "sensitive_attributes": []
        }
      ]
    },
    {
      "module": "module.tf_next",
      "mode": "data",
      "type": "aws_cloudfront_origin_request_policy",
      "name": "managed_cors_s3_origin",
      "provider": "provider[\"registry.terraform.io/hashicorp/aws\"]",
      "instances": [
        {
          "schema_version": 0,
          "attributes": {
            "comment": "Policy for S3 origin with CORS",
            "cookies_config": [
              {
                "cookie_behavior": "none",
                "cookies": []
              }
            ],
            "etag": "E23ZP02F085DFQ",
            "headers_config": [
              {
                "header_behavior": "whitelist",
                "headers": [
                  {
                    "items": [
                      "access-control-request-headers",
                      "access-control-request-method",
                      "origin"
                    ]
                  }
                ]
              }
            ],
            "id": "88a5eaf4-2fd4-4709-b370-b4c650ea3fcf",
            "name": "Managed-CORS-S3Origin",
            "query_strings_config": [
              {
                "query_string_behavior": "none",
                "query_strings": []
              }
            ]
          },
          "sensitive_attributes": []
        }
      ]
    },
    {
      "module": "module.tf_next",
      "mode": "data",
      "type": "aws_iam_policy_document",
      "name": "access_static_deployment",
      "provider": "provider[\"registry.terraform.io/hashicorp/aws\"]",
      "instances": [
        {
          "schema_version": 0,
          "attributes": {
            "id": "3068079931",
            "json": "{\n  \"Version\": \"2012-10-17\",\n  \"Statement\": [\n    {\n      \"Sid\": \"\",\n      \"Effect\": \"Allow\",\n      \"Action\": \"s3:GetObject\",\n      \"Resource\": \"arn:aws:s3:::tf-next-tfn-static20220422053723594600000008/*\"\n    }\n  ]\n}",
            "override_json": null,
            "override_policy_documents": null,
            "policy_id": null,
            "source_json": null,
            "source_policy_documents": null,
            "statement": [
              {
                "actions": [
                  "s3:GetObject"
                ],
                "condition": [],
                "effect": "Allow",
                "not_actions": [],
                "not_principals": [],
                "not_resources": [],
                "principals": [],
                "resources": [
                  "arn:aws:s3:::tf-next-tfn-static20220422053723594600000008/*"
                ],
                "sid": ""
              }
            ],
            "version": "2012-10-17"
          },
          "sensitive_attributes": []
        }
      ]
    },
    {
      "module": "module.tf_next",
      "mode": "data",
      "type": "aws_iam_policy_document",
      "name": "assume_role",
      "provider": "provider[\"registry.terraform.io/hashicorp/aws\"]",
      "instances": [
        {
          "schema_version": 0,
          "attributes": {
            "id": "3693445097",
            "json": "{\n  \"Version\": \"2012-10-17\",\n  \"Statement\": [\n    {\n      \"Sid\": \"\",\n      \"Effect\": \"Allow\",\n      \"Action\": \"sts:AssumeRole\",\n      \"Principal\": {\n        \"Service\": \"lambda.amazonaws.com\"\n      }\n    }\n  ]\n}",
            "override_json": null,
            "override_policy_documents": null,
            "policy_id": null,
            "source_json": null,
            "source_policy_documents": null,
            "statement": [
              {
                "actions": [
                  "sts:AssumeRole"
                ],
                "condition": [],
                "effect": "Allow",
                "not_actions": [],
                "not_principals": [],
                "not_resources": [],
                "principals": [
                  {
                    "identifiers": [
                      "lambda.amazonaws.com"
                    ],
                    "type": "Service"
                  }
                ],
                "resources": [],
                "sid": ""
              }
            ],
            "version": "2012-10-17"
          },
          "sensitive_attributes": []
        }
      ]
    },
    {
      "module": "module.tf_next",
      "mode": "data",
      "type": "aws_iam_policy_document",
      "name": "lambda_logging",
      "provider": "provider[\"registry.terraform.io/hashicorp/aws\"]",
      "instances": [
        {
          "schema_version": 0,
          "attributes": {
            "id": "4063422367",
            "json": "{\n  \"Version\": \"2012-10-17\",\n  \"Statement\": [\n    {\n      \"Sid\": \"\",\n      \"Effect\": \"Allow\",\n      \"Action\": [\n        \"logs:PutLogEvents\",\n        \"logs:CreateLogStream\",\n        \"logs:CreateLogGroup\"\n      ],\n      \"Resource\": \"arn:aws:logs:*:*:*\"\n    }\n  ]\n}",
            "override_json": null,
            "override_policy_documents": null,
            "policy_id": null,
            "source_json": null,
            "source_policy_documents": null,
            "statement": [
              {
                "actions": [
                  "logs:CreateLogGroup",
                  "logs:CreateLogStream",
                  "logs:PutLogEvents"
                ],
                "condition": [],
                "effect": "Allow",
                "not_actions": [],
                "not_principals": [],
                "not_resources": [],
                "principals": [],
                "resources": [
                  "arn:aws:logs:*:*:*"
                ],
                "sid": ""
              }
            ],
            "version": "2012-10-17"
          },
          "sensitive_attributes": []
        }
      ]
    },
    {
      "module": "module.tf_next",
      "mode": "managed",
      "type": "aws_cloudfront_cache_policy",
      "name": "this",
      "provider": "provider[\"registry.terraform.io/hashicorp/aws\"]",
      "instances": [
        {
          "schema_version": 0,
          "attributes": {
            "comment": "Managed by Terraform Next.js",
            "default_ttl": 0,
            "etag": "E23ZP02F085DFQ",
            "id": "f7b2a892-c76a-4ccf-ad2d-cc97d687880e",
            "max_ttl": 31536000,
            "min_ttl": 0,
            "name": "tf-next_tfn-cache",
            "parameters_in_cache_key_and_forwarded_to_origin": [
              {
                "cookies_config": [
                  {
                    "cookie_behavior": "all",
                    "cookies": []
                  }
                ],
                "enable_accept_encoding_brotli": true,
                "enable_accept_encoding_gzip": true,
                "headers_config": [
                  {
                    "header_behavior": "whitelist",
                    "headers": [
                      {
                        "items": [
                          "Authorization",
                          "host"
                        ]
                      }
                    ]
                  }
                ],
                "query_strings_config": [
                  {
                    "query_string_behavior": "all",
                    "query_strings": []
                  }
                ]
              }
            ]
          },
          "sensitive_attributes": [],
          "private": "bnVsbA=="
        }
      ]
    },
    {
      "module": "module.tf_next",
      "mode": "managed",
      "type": "aws_cloudwatch_log_group",
      "name": "this",
      "provider": "provider[\"registry.terraform.io/hashicorp/aws\"]",
      "instances": [
        {
          "index_key": "__NEXT_API_LAMBDA_0",
          "schema_version": 0,
          "attributes": {
            "arn": "arn:aws:logs:us-east-1:435287689194:log-group:/aws/lambda/tf-next___NEXT_API_LAMBDA_0",
            "id": "/aws/lambda/tf-next___NEXT_API_LAMBDA_0",
            "kms_key_id": "",
            "name": "/aws/lambda/tf-next___NEXT_API_LAMBDA_0",
            "name_prefix": null,
            "retention_in_days": 14,
            "tags": {},
            "tags_all": {}
          },
          "sensitive_attributes": [],
          "private": "bnVsbA=="
        },
        {
          "index_key": "__NEXT_PAGE_LAMBDA_0",
          "schema_version": 0,
          "attributes": {
            "arn": "arn:aws:logs:us-east-1:435287689194:log-group:/aws/lambda/tf-next___NEXT_PAGE_LAMBDA_0",
            "id": "/aws/lambda/tf-next___NEXT_PAGE_LAMBDA_0",
            "kms_key_id": "",
            "name": "/aws/lambda/tf-next___NEXT_PAGE_LAMBDA_0",
            "name_prefix": null,
            "retention_in_days": 14,
            "tags": {},
            "tags_all": {}
          },
          "sensitive_attributes": [],
          "private": "bnVsbA=="
        }
      ]
    },
    {
      "module": "module.tf_next",
      "mode": "managed",
      "type": "aws_iam_policy",
      "name": "lambda_logging",
      "provider": "provider[\"registry.terraform.io/hashicorp/aws\"]",
      "instances": [
        {
          "schema_version": 0,
          "attributes": {
            "arn": "arn:aws:iam::435287689194:policy/terraform-20220422053722339300000007",
            "description": "Managed by Terraform Next.js",
            "id": "arn:aws:iam::435287689194:policy/terraform-20220422053722339300000007",
            "name": "terraform-20220422053722339300000007",
            "name_prefix": null,
            "path": "/",
            "policy": "{\"Statement\":[{\"Action\":[\"logs:PutLogEvents\",\"logs:CreateLogStream\",\"logs:CreateLogGroup\"],\"Effect\":\"Allow\",\"Resource\":\"arn:aws:logs:*:*:*\",\"Sid\":\"\"}],\"Version\":\"2012-10-17\"}",
            "policy_id": "ANPAWKWJLA7VO4N33WT26",
            "tags": {},
            "tags_all": {}
          },
          "sensitive_attributes": [],
          "private": "bnVsbA==",
          "dependencies": [
            "module.tf_next.data.aws_iam_policy_document.lambda_logging"
          ]
        }
      ]
    },
    {
      "module": "module.tf_next",
      "mode": "managed",
      "type": "aws_iam_role",
      "name": "lambda",
      "provider": "provider[\"registry.terraform.io/hashicorp/aws\"]",
      "instances": [
        {
          "index_key": "__NEXT_API_LAMBDA_0",
          "schema_version": 0,
          "attributes": {
            "arn": "arn:aws:iam::435287689194:role/tf-next___NEXT_API_LAMBDA_0",
            "assume_role_policy": "{\"Version\":\"2012-10-17\",\"Statement\":[{\"Sid\":\"\",\"Effect\":\"Allow\",\"Principal\":{\"Service\":\"lambda.amazonaws.com\"},\"Action\":\"sts:AssumeRole\"}]}",
            "create_date": "2022-04-22T05:37:23Z",
            "description": "Managed by Terraform Next.js",
            "force_detach_policies": false,
            "id": "tf-next___NEXT_API_LAMBDA_0",
            "inline_policy": [
              {
                "name": "",
                "policy": ""
              }
            ],
            "managed_policy_arns": [
              "arn:aws:iam::435287689194:policy/terraform-20220422053722339300000007"
            ],
            "max_session_duration": 3600,
            "name": "tf-next___NEXT_API_LAMBDA_0",
            "name_prefix": "",
            "path": "/",
            "permissions_boundary": null,
            "tags": {},
            "tags_all": {},
            "unique_id": "AROAWKWJLA7VG3LH6XRQZ"
          },
          "sensitive_attributes": [],
          "private": "bnVsbA==",
          "dependencies": [
            "module.tf_next.data.aws_iam_policy_document.assume_role"
          ]
        },
        {
          "index_key": "__NEXT_PAGE_LAMBDA_0",
          "schema_version": 0,
          "attributes": {
            "arn": "arn:aws:iam::435287689194:role/tf-next___NEXT_PAGE_LAMBDA_0",
            "assume_role_policy": "{\"Version\":\"2012-10-17\",\"Statement\":[{\"Sid\":\"\",\"Effect\":\"Allow\",\"Principal\":{\"Service\":\"lambda.amazonaws.com\"},\"Action\":\"sts:AssumeRole\"}]}",
            "create_date": "2022-04-22T05:37:23Z",
            "description": "Managed by Terraform Next.js",
            "force_detach_policies": false,
            "id": "tf-next___NEXT_PAGE_LAMBDA_0",
            "inline_policy": [
              {
                "name": "",
                "policy": ""
              }
            ],
            "managed_policy_arns": [
              "arn:aws:iam::435287689194:policy/terraform-20220422053722339300000007"
            ],
            "max_session_duration": 3600,
            "name": "tf-next___NEXT_PAGE_LAMBDA_0",
            "name_prefix": "",
            "path": "/",
            "permissions_boundary": null,
            "tags": {},
            "tags_all": {},
            "unique_id": "AROAWKWJLA7VO3HB53O3V"
          },
          "sensitive_attributes": [],
          "private": "bnVsbA==",
          "dependencies": [
            "module.tf_next.data.aws_iam_policy_document.assume_role"
          ]
        }
      ]
    },
    {
      "module": "module.tf_next",
      "mode": "managed",
      "type": "aws_iam_role_policy_attachment",
      "name": "lambda_logs",
      "provider": "provider[\"registry.terraform.io/hashicorp/aws\"]",
      "instances": [
        {
          "index_key": "__NEXT_API_LAMBDA_0",
          "schema_version": 0,
          "attributes": {
            "id": "tf-next___NEXT_API_LAMBDA_0-2022042205372596050000000b",
            "policy_arn": "arn:aws:iam::435287689194:policy/terraform-20220422053722339300000007",
            "role": "tf-next___NEXT_API_LAMBDA_0"
          },
          "sensitive_attributes": [],
          "private": "bnVsbA==",
          "dependencies": [
            "module.tf_next.aws_iam_policy.lambda_logging",
            "module.tf_next.aws_iam_role.lambda",
            "module.tf_next.data.aws_iam_policy_document.assume_role",
            "module.tf_next.data.aws_iam_policy_document.lambda_logging"
          ]
        },
        {
          "index_key": "__NEXT_PAGE_LAMBDA_0",
          "schema_version": 0,
          "attributes": {
            "id": "tf-next___NEXT_PAGE_LAMBDA_0-20220422053725733900000009",
            "policy_arn": "arn:aws:iam::435287689194:policy/terraform-20220422053722339300000007",
            "role": "tf-next___NEXT_PAGE_LAMBDA_0"
          },
          "sensitive_attributes": [],
          "private": "bnVsbA==",
          "dependencies": [
            "module.tf_next.aws_iam_policy.lambda_logging",
            "module.tf_next.aws_iam_role.lambda",
            "module.tf_next.data.aws_iam_policy_document.assume_role",
            "module.tf_next.data.aws_iam_policy_document.lambda_logging"
          ]
        }
      ]
    },
    {
      "module": "module.tf_next",
      "mode": "managed",
      "type": "aws_lambda_function",
      "name": "this",
      "provider": "provider[\"registry.terraform.io/hashicorp/aws\"]",
      "instances": [
        {
          "index_key": "__NEXT_API_LAMBDA_0",
          "schema_version": 0,
          "attributes": {
            "architectures": [
              "x86_64"
            ],
            "arn": "arn:aws:lambda:us-east-1:435287689194:function:tf-next___NEXT_API_LAMBDA_0",
            "code_signing_config_arn": "",
            "dead_letter_config": [],
            "description": "Managed by Terraform Next.js",
            "environment": [],
            "ephemeral_storage": [
              {
                "size": 512
              }
            ],
            "file_system_config": [],
            "filename": "./.next-tf/lambdas/__NEXT_API_LAMBDA_0.zip",
            "function_name": "tf-next___NEXT_API_LAMBDA_0",
            "handler": "now__launcher.launcher",
            "id": "tf-next___NEXT_API_LAMBDA_0",
            "image_config": [],
            "image_uri": "",
            "invoke_arn": "arn:aws:apigateway:us-east-1:lambda:path/2015-03-31/functions/arn:aws:lambda:us-east-1:435287689194:function:tf-next___NEXT_API_LAMBDA_0/invocations",
            "kms_key_arn": "",
            "last_modified": "2022-04-22T05:37:45.450+0000",
            "layers": [],
            "memory_size": 1024,
            "package_type": "Zip",
            "publish": false,
            "qualified_arn": "arn:aws:lambda:us-east-1:435287689194:function:tf-next___NEXT_API_LAMBDA_0:$LATEST",
            "reserved_concurrent_executions": -1,
            "role": "arn:aws:iam::435287689194:role/tf-next___NEXT_API_LAMBDA_0",
            "runtime": "nodejs14.x",
            "s3_bucket": null,
            "s3_key": null,
            "s3_object_version": null,
            "signing_job_arn": "",
            "signing_profile_version_arn": "",
            "source_code_hash": "QeoBV5oIKg8bVNksZGo2f/wl0c14/y4usmKwMJ1W6Ns=",
            "source_code_size": 9402325,
            "tags": {},
            "tags_all": {},
            "timeout": 10,
            "timeouts": null,
            "tracing_config": [
              {
                "mode": "PassThrough"
              }
            ],
            "version": "$LATEST",
            "vpc_config": []
          },
          "sensitive_attributes": [],
          "private": "eyJlMmJmYjczMC1lY2FhLTExZTYtOGY4OC0zNDM2M2JjN2M0YzAiOnsiY3JlYXRlIjo2MDAwMDAwMDAwMDB9fQ==",
          "dependencies": [
            "module.tf_next.aws_cloudwatch_log_group.this",
            "module.tf_next.aws_iam_policy.lambda_logging",
            "module.tf_next.aws_iam_role.lambda",
            "module.tf_next.aws_iam_role_policy_attachment.lambda_logs",
            "module.tf_next.data.aws_iam_policy_document.assume_role",
            "module.tf_next.data.aws_iam_policy_document.lambda_logging"
          ]
        },
        {
          "index_key": "__NEXT_PAGE_LAMBDA_0",
          "schema_version": 0,
          "attributes": {
            "architectures": [
              "x86_64"
            ],
            "arn": "arn:aws:lambda:us-east-1:435287689194:function:tf-next___NEXT_PAGE_LAMBDA_0",
            "code_signing_config_arn": "",
            "dead_letter_config": [],
            "description": "Managed by Terraform Next.js",
            "environment": [],
            "ephemeral_storage": [
              {
                "size": 512
              }
            ],
            "file_system_config": [],
            "filename": "./.next-tf/lambdas/__NEXT_PAGE_LAMBDA_0.zip",
            "function_name": "tf-next___NEXT_PAGE_LAMBDA_0",
            "handler": "now__launcher.launcher",
            "id": "tf-next___NEXT_PAGE_LAMBDA_0",
            "image_config": [],
            "image_uri": "",
            "invoke_arn": "arn:aws:apigateway:us-east-1:lambda:path/2015-03-31/functions/arn:aws:lambda:us-east-1:435287689194:function:tf-next___NEXT_PAGE_LAMBDA_0/invocations",
            "kms_key_arn": "",
            "last_modified": "2022-04-22T05:37:37.668+0000",
            "layers": [],
            "memory_size": 1024,
            "package_type": "Zip",
            "publish": false,
            "qualified_arn": "arn:aws:lambda:us-east-1:435287689194:function:tf-next___NEXT_PAGE_LAMBDA_0:$LATEST",
            "reserved_concurrent_executions": -1,
            "role": "arn:aws:iam::435287689194:role/tf-next___NEXT_PAGE_LAMBDA_0",
            "runtime": "nodejs14.x",
            "s3_bucket": null,
            "s3_key": null,
            "s3_object_version": null,
            "signing_job_arn": "",
            "signing_profile_version_arn": "",
            "source_code_hash": "JVdxWOm2oEEC4hrxWn0+7p/0AHW49v/f4nYr1m3vLmg=",
            "source_code_size": 11116174,
            "tags": {},
            "tags_all": {},
            "timeout": 10,
            "timeouts": null,
            "tracing_config": [
              {
                "mode": "PassThrough"
              }
            ],
            "version": "$LATEST",
            "vpc_config": []
          },
          "sensitive_attributes": [],
          "private": "eyJlMmJmYjczMC1lY2FhLTExZTYtOGY4OC0zNDM2M2JjN2M0YzAiOnsiY3JlYXRlIjo2MDAwMDAwMDAwMDB9fQ==",
          "dependencies": [
            "module.tf_next.aws_cloudwatch_log_group.this",
            "module.tf_next.aws_iam_policy.lambda_logging",
            "module.tf_next.aws_iam_role.lambda",
            "module.tf_next.aws_iam_role_policy_attachment.lambda_logs",
            "module.tf_next.data.aws_iam_policy_document.assume_role",
            "module.tf_next.data.aws_iam_policy_document.lambda_logging"
          ]
        }
      ]
    },
    {
      "module": "module.tf_next",
      "mode": "managed",
      "type": "aws_lambda_permission",
      "name": "current_version_triggers",
      "provider": "provider[\"registry.terraform.io/hashicorp/aws\"]",
      "instances": [
        {
          "index_key": "__NEXT_API_LAMBDA_0",
          "schema_version": 0,
          "attributes": {
            "action": "lambda:InvokeFunction",
            "event_source_token": null,
            "function_name": "tf-next___NEXT_API_LAMBDA_0",
            "id": "AllowInvokeFromApiGateway",
            "principal": "apigateway.amazonaws.com",
            "principal_org_id": null,
            "qualifier": "",
            "source_account": null,
            "source_arn": "arn:aws:execute-api:us-east-1:435287689194:al8jtd1wza/*/*/*",
            "statement_id": "AllowInvokeFromApiGateway",
            "statement_id_prefix": null
          },
          "sensitive_attributes": [],
          "private": "bnVsbA==",
          "dependencies": [
            "module.tf_next.module.api_gateway.aws_apigatewayv2_api.this"
          ]
        },
        {
          "index_key": "__NEXT_PAGE_LAMBDA_0",
          "schema_version": 0,
          "attributes": {
            "action": "lambda:InvokeFunction",
            "event_source_token": null,
            "function_name": "tf-next___NEXT_PAGE_LAMBDA_0",
            "id": "AllowInvokeFromApiGateway",
            "principal": "apigateway.amazonaws.com",
            "principal_org_id": null,
            "qualifier": "",
            "source_account": null,
            "source_arn": "arn:aws:execute-api:us-east-1:435287689194:al8jtd1wza/*/*/*",
            "statement_id": "AllowInvokeFromApiGateway",
            "statement_id_prefix": null
          },
          "sensitive_attributes": [],
          "private": "bnVsbA==",
          "dependencies": [
            "module.tf_next.module.api_gateway.aws_apigatewayv2_api.this"
          ]
        }
      ]
    },
    {
      "module": "module.tf_next.module.api_gateway",
      "mode": "managed",
      "type": "aws_apigatewayv2_api",
      "name": "this",
      "provider": "provider[\"registry.terraform.io/hashicorp/aws\"]",
      "instances": [
        {
          "index_key": 0,
          "schema_version": 0,
          "attributes": {
            "api_endpoint": "https://al8jtd1wza.execute-api.us-east-1.amazonaws.com",
            "api_key_selection_expression": "$request.header.x-api-key",
            "arn": "arn:aws:apigateway:us-east-1::/apis/al8jtd1wza",
            "body": null,
            "cors_configuration": [],
            "credentials_arn": null,
            "description": "Managed by Terraform Next.js",
            "disable_execute_api_endpoint": false,
            "execution_arn": "arn:aws:execute-api:us-east-1:435287689194:al8jtd1wza",
            "fail_on_warnings": null,
            "id": "al8jtd1wza",
            "name": "tf-next",
            "protocol_type": "HTTP",
            "route_key": null,
            "route_selection_expression": "$request.method $request.path",
            "tags": {},
            "tags_all": {},
            "target": null,
            "version": ""
          },
          "sensitive_attributes": [],
          "private": "bnVsbA=="
        }
      ]
    },
    {
      "module": "module.tf_next.module.api_gateway",
      "mode": "managed",
      "type": "aws_apigatewayv2_integration",
      "name": "this",
      "provider": "provider[\"registry.terraform.io/hashicorp/aws\"]",
      "instances": [
        {
          "index_key": "ANY /__NEXT_API_LAMBDA_0/{proxy+}",
          "schema_version": 0,
          "attributes": {
            "api_id": "al8jtd1wza",
            "connection_id": "",
            "connection_type": "INTERNET",
            "content_handling_strategy": "",
            "credentials_arn": "",
            "description": "",
            "id": "y5s3cmn",
            "integration_method": "POST",
            "integration_response_selection_expression": "",
            "integration_subtype": "",
            "integration_type": "AWS_PROXY",
            "integration_uri": "arn:aws:lambda:us-east-1:435287689194:function:tf-next___NEXT_API_LAMBDA_0",
            "passthrough_behavior": "",
            "payload_format_version": "2.0",
            "request_parameters": {},
            "request_templates": {},
            "response_parameters": [],
            "template_selection_expression": "",
            "timeout_milliseconds": 10000,
            "tls_config": []
          },
          "sensitive_attributes": [],
          "private": "bnVsbA==",
          "dependencies": [
            "module.tf_next.aws_cloudwatch_log_group.this",
            "module.tf_next.aws_iam_policy.lambda_logging",
            "module.tf_next.aws_iam_role.lambda",
            "module.tf_next.aws_iam_role_policy_attachment.lambda_logs",
            "module.tf_next.aws_lambda_function.this",
            "module.tf_next.data.aws_iam_policy_document.assume_role",
            "module.tf_next.data.aws_iam_policy_document.lambda_logging",
            "module.tf_next.module.api_gateway.aws_apigatewayv2_api.this",
            "module.tf_next.module.api_gateway.aws_apigatewayv2_vpc_link.this"
          ]
        },
        {
          "index_key": "ANY /__NEXT_PAGE_LAMBDA_0/{proxy+}",
          "schema_version": 0,
          "attributes": {
            "api_id": "al8jtd1wza",
            "connection_id": "",
            "connection_type": "INTERNET",
            "content_handling_strategy": "",
            "credentials_arn": "",
            "description": "",
            "id": "w9dt44a",
            "integration_method": "POST",
            "integration_response_selection_expression": "",
            "integration_subtype": "",
            "integration_type": "AWS_PROXY",
            "integration_uri": "arn:aws:lambda:us-east-1:435287689194:function:tf-next___NEXT_PAGE_LAMBDA_0",
            "passthrough_behavior": "",
            "payload_format_version": "2.0",
            "request_parameters": {},
            "request_templates": {},
            "response_parameters": [],
            "template_selection_expression": "",
            "timeout_milliseconds": 10000,
            "tls_config": []
          },
          "sensitive_attributes": [],
          "private": "bnVsbA==",
          "dependencies": [
            "module.tf_next.aws_cloudwatch_log_group.this",
            "module.tf_next.aws_iam_policy.lambda_logging",
            "module.tf_next.aws_iam_role.lambda",
            "module.tf_next.aws_iam_role_policy_attachment.lambda_logs",
            "module.tf_next.aws_lambda_function.this",
            "module.tf_next.data.aws_iam_policy_document.assume_role",
            "module.tf_next.data.aws_iam_policy_document.lambda_logging",
            "module.tf_next.module.api_gateway.aws_apigatewayv2_api.this",
            "module.tf_next.module.api_gateway.aws_apigatewayv2_vpc_link.this"
          ]
        }
      ]
    },
    {
      "module": "module.tf_next.module.api_gateway",
      "mode": "managed",
      "type": "aws_apigatewayv2_route",
      "name": "this",
      "provider": "provider[\"registry.terraform.io/hashicorp/aws\"]",
      "instances": [
        {
          "index_key": "ANY /__NEXT_API_LAMBDA_0/{proxy+}",
          "schema_version": 0,
          "attributes": {
            "api_id": "al8jtd1wza",
            "api_key_required": false,
            "authorization_scopes": [],
            "authorization_type": "NONE",
            "authorizer_id": "",
            "id": "edy01f3",
            "model_selection_expression": "",
            "operation_name": "",
            "request_models": {},
            "request_parameter": [],
            "route_key": "ANY /__NEXT_API_LAMBDA_0/{proxy+}",
            "route_response_selection_expression": "",
            "target": "integrations/y5s3cmn"
          },
          "sensitive_attributes": [],
          "private": "bnVsbA==",
          "dependencies": [
            "module.tf_next.aws_cloudwatch_log_group.this",
            "module.tf_next.aws_iam_policy.lambda_logging",
            "module.tf_next.aws_iam_role.lambda",
            "module.tf_next.aws_iam_role_policy_attachment.lambda_logs",
            "module.tf_next.aws_lambda_function.this",
            "module.tf_next.data.aws_iam_policy_document.assume_role",
            "module.tf_next.data.aws_iam_policy_document.lambda_logging",
            "module.tf_next.module.api_gateway.aws_apigatewayv2_api.this",
            "module.tf_next.module.api_gateway.aws_apigatewayv2_integration.this",
            "module.tf_next.module.api_gateway.aws_apigatewayv2_vpc_link.this"
          ]
        },
        {
          "index_key": "ANY /__NEXT_PAGE_LAMBDA_0/{proxy+}",
          "schema_version": 0,
          "attributes": {
            "api_id": "al8jtd1wza",
            "api_key_required": false,
            "authorization_scopes": [],
            "authorization_type": "NONE",
            "authorizer_id": "",
            "id": "qb9k71q",
            "model_selection_expression": "",
            "operation_name": "",
            "request_models": {},
            "request_parameter": [],
            "route_key": "ANY /__NEXT_PAGE_LAMBDA_0/{proxy+}",
            "route_response_selection_expression": "",
            "target": "integrations/w9dt44a"
          },
          "sensitive_attributes": [],
          "private": "bnVsbA==",
          "dependencies": [
            "module.tf_next.aws_cloudwatch_log_group.this",
            "module.tf_next.aws_iam_policy.lambda_logging",
            "module.tf_next.aws_iam_role.lambda",
            "module.tf_next.aws_iam_role_policy_attachment.lambda_logs",
            "module.tf_next.aws_lambda_function.this",
            "module.tf_next.data.aws_iam_policy_document.assume_role",
            "module.tf_next.data.aws_iam_policy_document.lambda_logging",
            "module.tf_next.module.api_gateway.aws_apigatewayv2_api.this",
            "module.tf_next.module.api_gateway.aws_apigatewayv2_integration.this",
            "module.tf_next.module.api_gateway.aws_apigatewayv2_vpc_link.this"
          ]
        }
      ]
    },
    {
      "module": "module.tf_next.module.api_gateway",
      "mode": "managed",
      "type": "aws_apigatewayv2_stage",
      "name": "default",
      "provider": "provider[\"registry.terraform.io/hashicorp/aws\"]",
      "instances": [
        {
          "index_key": 0,
          "schema_version": 0,
          "attributes": {
            "access_log_settings": [],
            "api_id": "al8jtd1wza",
            "arn": "arn:aws:apigateway:us-east-1::/apis/al8jtd1wza/stages/$default",
            "auto_deploy": true,
            "client_certificate_id": "",
            "default_route_settings": [
              {
                "data_trace_enabled": false,
                "detailed_metrics_enabled": false,
                "logging_level": "",
                "throttling_burst_limit": 0,
                "throttling_rate_limit": 0
              }
            ],
            "deployment_id": "na674z",
            "description": "",
            "execution_arn": "arn:aws:execute-api:us-east-1:435287689194:al8jtd1wza/$default",
            "id": "$default",
            "invoke_url": "https://al8jtd1wza.execute-api.us-east-1.amazonaws.com/",
            "name": "$default",
            "route_settings": [],
            "stage_variables": {},
            "tags": {},
            "tags_all": {}
          },
          "sensitive_attributes": [],
          "private": "bnVsbA==",
          "dependencies": [
            "module.tf_next.module.api_gateway.aws_apigatewayv2_api.this"
          ]
        }
      ]
    },
    {
      "module": "module.tf_next.module.cloudfront_main[0]",
      "mode": "managed",
      "type": "aws_cloudfront_distribution",
      "name": "distribution",
      "provider": "provider[\"registry.terraform.io/hashicorp/aws\"]",
      "instances": [
        {
          "schema_version": 1,
          "attributes": {
            "aliases": null,
            "arn": "arn:aws:cloudfront::435287689194:distribution/E1G947X97S1WD5",
            "caller_reference": "terraform-20220422054328336200000001",
            "comment": "tf-next - Main",
            "custom_error_response": [
              {
                "error_caching_min_ttl": 60,
                "error_code": 403,
                "response_code": 404,
                "response_page_path": "/404"
              }
            ],
            "default_cache_behavior": [
              {
                "allowed_methods": [
                  "DELETE",
                  "GET",
                  "HEAD",
                  "OPTIONS",
                  "PATCH",
                  "POST",
                  "PUT"
                ],
                "cache_policy_id": "f7b2a892-c76a-4ccf-ad2d-cc97d687880e",
                "cached_methods": [
                  "GET",
                  "HEAD"
                ],
                "compress": true,
                "default_ttl": 0,
                "field_level_encryption_id": "",
                "forwarded_values": [],
                "function_association": [],
                "lambda_function_association": [
                  {
                    "event_type": "origin-request",
                    "include_body": false,
                    "lambda_arn": "arn:aws:lambda:us-east-1:435287689194:function:tf-next_tfn-proxy:6"
                  }
                ],
                "max_ttl": 0,
                "min_ttl": 0,
                "origin_request_policy_id": "216adef6-5c7f-47e4-b989-5492eafa07d3",
                "realtime_log_config_arn": "",
                "response_headers_policy_id": "",
                "smooth_streaming": false,
                "target_origin_id": "tf-next-s3-static-content",
                "trusted_key_groups": [],
                "trusted_signers": [],
                "viewer_protocol_policy": "redirect-to-https"
              }
            ],
            "default_root_object": "",
            "domain_name": "dr4hg956ubyn3.cloudfront.net",
            "enabled": true,
            "etag": "E3TWSG3H9ZV0SD",
            "hosted_zone_id": "Z2FDTNDATAQYW2",
            "http_version": "http2",
            "id": "E1G947X97S1WD5",
            "in_progress_validation_batches": 0,
            "is_ipv6_enabled": true,
            "last_modified_time": "2022-04-22 05:43:28.528 +0000 UTC",
            "logging_config": [],
            "ordered_cache_behavior": [
              {
                "allowed_methods": [
                  "GET",
                  "HEAD"
                ],
                "cache_policy_id": "d25d57f2-951e-41b0-b183-45a42f999e63",
                "cached_methods": [
                  "GET",
                  "HEAD"
                ],
                "compress": true,
                "default_ttl": 0,
                "field_level_encryption_id": "",
                "forwarded_values": [],
                "function_association": [],
                "lambda_function_association": [],
                "max_ttl": 0,
                "min_ttl": 0,
                "origin_request_policy_id": "a0378921-8d38-482b-8ee4-1f07b7921677",
                "path_pattern": "/_next/image*",
                "realtime_log_config_arn": "",
                "response_headers_policy_id": "",
                "smooth_streaming": false,
                "target_origin_id": "tf-next-image-optimizer",
                "trusted_key_groups": null,
                "trusted_signers": null,
                "viewer_protocol_policy": "redirect-to-https"
              },
              {
                "allowed_methods": [
                  "GET",
                  "HEAD"
                ],
                "cache_policy_id": "658327ea-f89d-4fab-a63d-7e88639e58f6",
                "cached_methods": [
                  "GET",
                  "HEAD"
                ],
                "compress": true,
                "default_ttl": 0,
                "field_level_encryption_id": "",
                "forwarded_values": [],
                "function_association": [],
                "lambda_function_association": [],
                "max_ttl": 0,
                "min_ttl": 0,
                "origin_request_policy_id": "88a5eaf4-2fd4-4709-b370-b4c650ea3fcf",
                "path_pattern": "/_next/static/*",
                "realtime_log_config_arn": "",
                "response_headers_policy_id": "",
                "smooth_streaming": false,
                "target_origin_id": "tf-next-s3-static-content",
                "trusted_key_groups": null,
                "trusted_signers": null,
                "viewer_protocol_policy": "redirect-to-https"
              }
            ],
            "origin": [
              {
                "connection_attempts": 3,
                "connection_timeout": 10,
                "custom_header": [
                  {
                    "name": "x-env-api-endpoint",
                    "value": "al8jtd1wza.execute-api.us-east-1.amazonaws.com"
                  },
                  {
                    "name": "x-env-config-endpoint",
                    "value": "http://dgeq6ngy4bvl.cloudfront.net/proxy-config.json"
                  }
                ],
                "custom_origin_config": [],
                "domain_name": "tf-next-tfn-static20220422053723594600000008.s3.amazonaws.com",
                "origin_id": "tf-next-s3-static-content",
                "origin_path": "",
                "origin_shield": [],
                "s3_origin_config": [
                  {
                    "origin_access_identity": "origin-access-identity/cloudfront/E3RZ8BNY8GWO4C"
                  }
                ]
              },
              {
                "connection_attempts": 3,
                "connection_timeout": 10,
                "custom_header": [],
                "custom_origin_config": [
                  {
                    "http_port": 80,
                    "https_port": 443,
                    "origin_keepalive_timeout": 5,
                    "origin_protocol_policy": "https-only",
                    "origin_read_timeout": 30,
                    "origin_ssl_protocols": [
                      "TLSv1.2"
                    ]
                  }
                ],
                "domain_name": "fpmtyfr0ai.execute-api.us-east-1.amazonaws.com",
                "origin_id": "tf-next-image-optimizer",
                "origin_path": "",
                "origin_shield": [
                  {
                    "enabled": true,
                    "origin_shield_region": "us-east-1"
                  }
                ],
                "s3_origin_config": []
              }
            ],
            "origin_group": [],
            "price_class": "PriceClass_100",
            "restrictions": [
              {
                "geo_restriction": [
                  {
                    "locations": [],
                    "restriction_type": "none"
                  }
                ]
              }
            ],
            "retain_on_delete": false,
            "status": "Deployed",
            "tags": null,
            "tags_all": {},
            "trusted_key_groups": [
              {
                "enabled": false,
                "items": []
              }
            ],
            "trusted_signers": [
              {
                "enabled": false,
                "items": []
              }
            ],
            "viewer_certificate": [
              {
                "acm_certificate_arn": "",
                "cloudfront_default_certificate": true,
                "iam_certificate_id": "",
                "minimum_protocol_version": "TLSv1",
                "ssl_support_method": ""
              }
            ],
            "wait_for_deployment": true,
            "web_acl_id": ""
          },
          "sensitive_attributes": [],
          "private": "eyJzY2hlbWFfdmVyc2lvbiI6IjEifQ==",
          "dependencies": [
            "module.tf_next.aws_cloudfront_cache_policy.this",
            "module.tf_next.data.aws_cloudfront_cache_policy.managed_caching_optimized",
            "module.tf_next.data.aws_cloudfront_origin_request_policy.managed_all_viewer",
            "module.tf_next.data.aws_cloudfront_origin_request_policy.managed_cors_s3_origin",
            "module.tf_next.module.api_gateway.aws_apigatewayv2_api.this",
            "module.tf_next.module.next_image.aws_cloudfront_cache_policy.this",
            "module.tf_next.module.next_image.aws_cloudfront_origin_request_policy.this",
            "module.tf_next.module.next_image.data.aws_region.current",
            "module.tf_next.module.next_image.module.api_gateway.aws_apigatewayv2_api.this",
            "module.tf_next.module.proxy.module.edge_proxy.aws_lambda_function.this",
            "module.tf_next.module.proxy_config.aws_cloudfront_distribution.distribution",
            "module.tf_next.module.statics_deploy.aws_cloudfront_origin_access_identity.this",
            "module.tf_next.module.statics_deploy.aws_s3_bucket.static_deploy"
          ]
        }
      ]
    },
    {
      "module": "module.tf_next.module.next_image[0]",
      "mode": "data",
      "type": "aws_region",
      "name": "current",
      "provider": "provider[\"registry.terraform.io/hashicorp/aws\"]",
      "instances": [
        {
          "schema_version": 0,
          "attributes": {
            "description": "US East (N. Virginia)",
            "endpoint": "ec2.us-east-1.amazonaws.com",
            "id": "us-east-1",
            "name": "us-east-1"
          },
          "sensitive_attributes": []
        }
      ]
    },
    {
      "module": "module.tf_next.module.next_image[0]",
      "mode": "managed",
      "type": "aws_cloudfront_cache_policy",
      "name": "this",
      "provider": "provider[\"registry.terraform.io/hashicorp/aws\"]",
      "instances": [
        {
          "schema_version": 0,
          "attributes": {
            "comment": "Managed by Terraform Next.js image optimizer",
            "default_ttl": 86400,
            "etag": "E23ZP02F085DFQ",
            "id": "d25d57f2-951e-41b0-b183-45a42f999e63",
            "max_ttl": 31536000,
            "min_ttl": 0,
            "name": "tf-next_tfn-image_image-cache",
            "parameters_in_cache_key_and_forwarded_to_origin": [
              {
                "cookies_config": [
                  {
                    "cookie_behavior": "none",
                    "cookies": []
                  }
                ],
                "enable_accept_encoding_brotli": true,
                "enable_accept_encoding_gzip": true,
                "headers_config": [
                  {
                    "header_behavior": "whitelist",
                    "headers": [
                      {
                        "items": [
                          "accept"
                        ]
                      }
                    ]
                  }
                ],
                "query_strings_config": [
                  {
                    "query_string_behavior": "whitelist",
                    "query_strings": [
                      {
                        "items": [
                          "q",
                          "url",
                          "w"
                        ]
                      }
                    ]
                  }
                ]
              }
            ]
          },
          "sensitive_attributes": [],
          "private": "bnVsbA==",
          "dependencies": [
            "module.tf_next.module.statics_deploy.aws_s3_bucket.static_deploy"
          ]
        }
      ]
    },
    {
      "module": "module.tf_next.module.next_image[0]",
      "mode": "managed",
      "type": "aws_cloudfront_origin_request_policy",
      "name": "this",
      "provider": "provider[\"registry.terraform.io/hashicorp/aws\"]",
      "instances": [
        {
          "schema_version": 0,
          "attributes": {
            "comment": "Managed by Terraform Next.js image optimizer",
            "cookies_config": [
              {
                "cookie_behavior": "none",
                "cookies": []
              }
            ],
            "etag": "E23ZP02F085DFQ",
            "headers_config": [
              {
                "header_behavior": "whitelist",
                "headers": [
                  {
                    "items": [
                      "accept"
                    ]
                  }
                ]
              }
            ],
            "id": "a0378921-8d38-482b-8ee4-1f07b7921677",
            "name": "tf-next_tfn-image_request",
            "query_strings_config": [
              {
                "query_string_behavior": "whitelist",
                "query_strings": [
                  {
                    "items": [
                      "q",
                      "url",
                      "w"
                    ]
                  }
                ]
              }
            ]
          },
          "sensitive_attributes": [],
          "private": "bnVsbA==",
          "dependencies": [
            "module.tf_next.module.statics_deploy.aws_s3_bucket.static_deploy"
          ]
        }
      ]
    },
    {
      "module": "module.tf_next.module.next_image[0].module.api_gateway",
      "mode": "managed",
      "type": "aws_apigatewayv2_api",
      "name": "this",
      "provider": "provider[\"registry.terraform.io/hashicorp/aws\"]",
      "instances": [
        {
          "index_key": 0,
          "schema_version": 0,
          "attributes": {
            "api_endpoint": "https://fpmtyfr0ai.execute-api.us-east-1.amazonaws.com",
            "api_key_selection_expression": "$request.header.x-api-key",
            "arn": "arn:aws:apigateway:us-east-1::/apis/fpmtyfr0ai",
            "body": null,
            "cors_configuration": [],
            "credentials_arn": null,
            "description": "Managed by Terraform Next.js image optimizer",
            "disable_execute_api_endpoint": false,
            "execution_arn": "arn:aws:execute-api:us-east-1:435287689194:fpmtyfr0ai",
            "fail_on_warnings": null,
            "id": "fpmtyfr0ai",
            "name": "tf-next_tfn-image",
            "protocol_type": "HTTP",
            "route_key": null,
            "route_selection_expression": "$request.method $request.path",
            "tags": {},
            "tags_all": {},
            "target": null,
            "version": ""
          },
          "sensitive_attributes": [],
          "private": "bnVsbA=="
        }
      ]
    },
    {
      "module": "module.tf_next.module.next_image[0].module.api_gateway",
      "mode": "managed",
      "type": "aws_apigatewayv2_integration",
      "name": "this",
      "provider": "provider[\"registry.terraform.io/hashicorp/aws\"]",
      "instances": [
        {
          "index_key": "GET /_next/{proxy+}",
          "schema_version": 0,
          "attributes": {
            "api_id": "fpmtyfr0ai",
            "connection_id": "",
            "connection_type": "INTERNET",
            "content_handling_strategy": "",
            "credentials_arn": "",
            "description": "",
            "id": "cmttb3n",
            "integration_method": "POST",
            "integration_response_selection_expression": "",
            "integration_subtype": "",
            "integration_type": "AWS_PROXY",
            "integration_uri": "arn:aws:lambda:us-east-1:435287689194:function:tf-next_tfn-image",
            "passthrough_behavior": "",
            "payload_format_version": "2.0",
            "request_parameters": {},
            "request_templates": {},
            "response_parameters": [],
            "template_selection_expression": "",
            "timeout_milliseconds": 30000,
            "tls_config": []
          },
          "sensitive_attributes": [],
          "private": "bnVsbA==",
          "dependencies": [
            "module.tf_next.module.next_image.module.api_gateway.aws_apigatewayv2_api.this",
            "module.tf_next.module.next_image.module.api_gateway.aws_apigatewayv2_vpc_link.this",
            "module.tf_next.module.next_image.module.image_optimizer.aws_cloudwatch_log_group.lambda",
            "module.tf_next.module.next_image.module.image_optimizer.aws_iam_role.lambda",
            "module.tf_next.module.next_image.module.image_optimizer.aws_lambda_function.this",
            "module.tf_next.module.next_image.module.image_optimizer.aws_s3_object.lambda_package",
            "module.tf_next.module.next_image.module.image_optimizer.data.aws_iam_policy_document.assume_role",
            "module.tf_next.module.next_image.module.image_optimizer.data.external.archive_prepare",
            "module.tf_next.module.next_image.module.image_optimizer.local_file.archive_plan",
            "module.tf_next.module.next_image.module.image_optimizer.null_resource.archive",
            "module.tf_next.module.next_image.module.lambda_content.data.external.download",
            "module.tf_next.module.next_image.module.lambda_content.data.external.this",
            "module.tf_next.module.statics_deploy.aws_s3_bucket.static_deploy"
          ]
        }
      ]
    },
    {
      "module": "module.tf_next.module.next_image[0].module.api_gateway",
      "mode": "managed",
      "type": "aws_apigatewayv2_route",
      "name": "this",
      "provider": "provider[\"registry.terraform.io/hashicorp/aws\"]",
      "instances": [
        {
          "index_key": "GET /_next/{proxy+}",
          "schema_version": 0,
          "attributes": {
            "api_id": "fpmtyfr0ai",
            "api_key_required": false,
            "authorization_scopes": [],
            "authorization_type": "NONE",
            "authorizer_id": "",
            "id": "80axtit",
            "model_selection_expression": "",
            "operation_name": "",
            "request_models": {},
            "request_parameter": [],
            "route_key": "GET /_next/{proxy+}",
            "route_response_selection_expression": "",
            "target": "integrations/cmttb3n"
          },
          "sensitive_attributes": [],
          "private": "bnVsbA==",
          "dependencies": [
            "module.tf_next.module.next_image.module.api_gateway.aws_apigatewayv2_api.this",
            "module.tf_next.module.next_image.module.api_gateway.aws_apigatewayv2_integration.this",
            "module.tf_next.module.next_image.module.api_gateway.aws_apigatewayv2_vpc_link.this",
            "module.tf_next.module.next_image.module.image_optimizer.aws_cloudwatch_log_group.lambda",
            "module.tf_next.module.next_image.module.image_optimizer.aws_iam_role.lambda",
            "module.tf_next.module.next_image.module.image_optimizer.aws_lambda_function.this",
            "module.tf_next.module.next_image.module.image_optimizer.aws_s3_object.lambda_package",
            "module.tf_next.module.next_image.module.image_optimizer.data.aws_iam_policy_document.assume_role",
            "module.tf_next.module.next_image.module.image_optimizer.data.external.archive_prepare",
            "module.tf_next.module.next_image.module.image_optimizer.local_file.archive_plan",
            "module.tf_next.module.next_image.module.image_optimizer.null_resource.archive",
            "module.tf_next.module.next_image.module.lambda_content.data.external.download",
            "module.tf_next.module.next_image.module.lambda_content.data.external.this",
            "module.tf_next.module.statics_deploy.aws_s3_bucket.static_deploy"
          ]
        }
      ]
    },
    {
      "module": "module.tf_next.module.next_image[0].module.api_gateway",
      "mode": "managed",
      "type": "aws_apigatewayv2_stage",
      "name": "default",
      "provider": "provider[\"registry.terraform.io/hashicorp/aws\"]",
      "instances": [
        {
          "index_key": 0,
          "schema_version": 0,
          "attributes": {
            "access_log_settings": [],
            "api_id": "fpmtyfr0ai",
            "arn": "arn:aws:apigateway:us-east-1::/apis/fpmtyfr0ai/stages/$default",
            "auto_deploy": true,
            "client_certificate_id": "",
            "default_route_settings": [
              {
                "data_trace_enabled": false,
                "detailed_metrics_enabled": false,
                "logging_level": "",
                "throttling_burst_limit": 0,
                "throttling_rate_limit": 0
              }
            ],
            "deployment_id": "iqezj4",
            "description": "",
            "execution_arn": "arn:aws:execute-api:us-east-1:435287689194:fpmtyfr0ai/$default",
            "id": "$default",
            "invoke_url": "https://fpmtyfr0ai.execute-api.us-east-1.amazonaws.com/",
            "name": "$default",
            "route_settings": [],
            "stage_variables": {},
            "tags": {},
            "tags_all": {}
          },
          "sensitive_attributes": [],
          "private": "bnVsbA==",
          "dependencies": [
            "module.tf_next.module.next_image.module.api_gateway.aws_apigatewayv2_api.this"
          ]
        }
      ]
    },
    {
      "module": "module.tf_next.module.next_image[0].module.image_optimizer",
      "mode": "data",
      "type": "aws_iam_policy_document",
      "name": "assume_role",
      "provider": "provider[\"registry.terraform.io/hashicorp/aws\"]",
      "instances": [
        {
          "index_key": 0,
          "schema_version": 0,
          "attributes": {
            "id": "3693445097",
            "json": "{\n  \"Version\": \"2012-10-17\",\n  \"Statement\": [\n    {\n      \"Sid\": \"\",\n      \"Effect\": \"Allow\",\n      \"Action\": \"sts:AssumeRole\",\n      \"Principal\": {\n        \"Service\": \"lambda.amazonaws.com\"\n      }\n    }\n  ]\n}",
            "override_json": null,
            "override_policy_documents": null,
            "policy_id": null,
            "source_json": null,
            "source_policy_documents": null,
            "statement": [
              {
                "actions": [
                  "sts:AssumeRole"
                ],
                "condition": [],
                "effect": "Allow",
                "not_actions": [],
                "not_principals": [],
                "not_resources": [],
                "principals": [
                  {
                    "identifiers": [
                      "lambda.amazonaws.com"
                    ],
                    "type": "Service"
                  }
                ],
                "resources": [],
                "sid": ""
              }
            ],
            "version": "2012-10-17"
          },
          "sensitive_attributes": []
        }
      ]
    },
    {
      "module": "module.tf_next.module.next_image[0].module.image_optimizer",
      "mode": "data",
      "type": "aws_iam_policy_document",
      "name": "logs",
      "provider": "provider[\"registry.terraform.io/hashicorp/aws\"]",
      "instances": [
        {
          "index_key": 0,
          "schema_version": 0,
          "attributes": {
            "id": "435469874",
            "json": "{\n  \"Version\": \"2012-10-17\",\n  \"Statement\": [\n    {\n      \"Sid\": \"\",\n      \"Effect\": \"Allow\",\n      \"Action\": [\n        \"logs:PutLogEvents\",\n        \"logs:CreateLogStream\",\n        \"logs:CreateLogGroup\"\n      ],\n      \"Resource\": [\n        \"arn:aws:logs:us-east-1:435287689194:log-group:/aws/lambda/tf-next_tfn-image:*:*\",\n        \"arn:aws:logs:us-east-1:435287689194:log-group:/aws/lambda/tf-next_tfn-image:*\"\n      ]\n    }\n  ]\n}",
            "override_json": null,
            "override_policy_documents": null,
            "policy_id": null,
            "source_json": null,
            "source_policy_documents": null,
            "statement": [
              {
                "actions": [
                  "logs:CreateLogGroup",
                  "logs:CreateLogStream",
                  "logs:PutLogEvents"
                ],
                "condition": [],
                "effect": "Allow",
                "not_actions": [],
                "not_principals": [],
                "not_resources": [],
                "principals": [],
                "resources": [
                  "arn:aws:logs:us-east-1:435287689194:log-group:/aws/lambda/tf-next_tfn-image:*",
                  "arn:aws:logs:us-east-1:435287689194:log-group:/aws/lambda/tf-next_tfn-image:*:*"
                ],
                "sid": ""
              }
            ],
            "version": "2012-10-17"
          },
          "sensitive_attributes": []
        }
      ]
    },
    {
      "module": "module.tf_next.module.next_image[0].module.image_optimizer",
      "mode": "data",
      "type": "aws_partition",
      "name": "current",
      "provider": "provider[\"registry.terraform.io/hashicorp/aws\"]",
      "instances": [
        {
          "schema_version": 0,
          "attributes": {
            "dns_suffix": "amazonaws.com",
            "id": "aws",
            "partition": "aws",
            "reverse_dns_prefix": "com.amazonaws"
          },
          "sensitive_attributes": []
        }
      ]
    },
    {
      "module": "module.tf_next.module.next_image[0].module.image_optimizer",
      "mode": "managed",
      "type": "aws_cloudwatch_log_group",
      "name": "lambda",
      "provider": "provider[\"registry.terraform.io/hashicorp/aws\"]",
      "instances": [
        {
          "index_key": 0,
          "schema_version": 0,
          "attributes": {
            "arn": "arn:aws:logs:us-east-1:435287689194:log-group:/aws/lambda/tf-next_tfn-image",
            "id": "/aws/lambda/tf-next_tfn-image",
            "kms_key_id": "",
            "name": "/aws/lambda/tf-next_tfn-image",
            "name_prefix": null,
            "retention_in_days": 30,
            "tags": {},
            "tags_all": {}
          },
          "sensitive_attributes": [],
          "private": "bnVsbA=="
        }
      ]
    },
    {
      "module": "module.tf_next.module.next_image[0].module.image_optimizer",
      "mode": "managed",
      "type": "aws_iam_policy",
      "name": "additional_json",
      "provider": "provider[\"registry.terraform.io/hashicorp/aws\"]",
      "instances": [
        {
          "index_key": 0,
          "schema_version": 0,
          "attributes": {
            "arn": "arn:aws:iam::435287689194:policy/tf-next_tfn-image",
            "description": "",
            "id": "arn:aws:iam::435287689194:policy/tf-next_tfn-image",
            "name": "tf-next_tfn-image",
            "name_prefix": null,
            "path": "/",
            "policy": "{\"Statement\":[{\"Action\":\"s3:GetObject\",\"Effect\":\"Allow\",\"Resource\":\"arn:aws:s3:::tf-next-tfn-static20220422053723594600000008/*\",\"Sid\":\"\"}],\"Version\":\"2012-10-17\"}",
            "policy_id": "ANPAWKWJLA7VMED3YF3O4",
            "tags": {},
            "tags_all": {}
          },
          "sensitive_attributes": [],
          "private": "bnVsbA==",
          "dependencies": [
            "module.tf_next.data.aws_iam_policy_document.access_static_deployment",
            "module.tf_next.module.statics_deploy.aws_s3_bucket.static_deploy"
          ]
        }
      ]
    },
    {
      "module": "module.tf_next.module.next_image[0].module.image_optimizer",
      "mode": "managed",
      "type": "aws_iam_policy",
      "name": "logs",
      "provider": "provider[\"registry.terraform.io/hashicorp/aws\"]",
      "instances": [
        {
          "index_key": 0,
          "schema_version": 0,
          "attributes": {
            "arn": "arn:aws:iam::435287689194:policy/tf-next_tfn-image-logs",
            "description": "",
            "id": "arn:aws:iam::435287689194:policy/tf-next_tfn-image-logs",
            "name": "tf-next_tfn-image-logs",
            "name_prefix": null,
            "path": "/",
            "policy": "{\"Statement\":[{\"Action\":[\"logs:PutLogEvents\",\"logs:CreateLogStream\",\"logs:CreateLogGroup\"],\"Effect\":\"Allow\",\"Resource\":[\"arn:aws:logs:us-east-1:435287689194:log-group:/aws/lambda/tf-next_tfn-image:*:*\",\"arn:aws:logs:us-east-1:435287689194:log-group:/aws/lambda/tf-next_tfn-image:*\"],\"Sid\":\"\"}],\"Version\":\"2012-10-17\"}",
            "policy_id": "ANPAWKWJLA7VJK3UBMYUN",
            "tags": {},
            "tags_all": {}
          },
          "sensitive_attributes": [],
          "private": "bnVsbA==",
          "dependencies": [
            "module.tf_next.module.next_image.module.image_optimizer.aws_cloudwatch_log_group.lambda",
            "module.tf_next.module.next_image.module.image_optimizer.data.aws_arn.log_group_arn",
            "module.tf_next.module.next_image.module.image_optimizer.data.aws_cloudwatch_log_group.lambda",
            "module.tf_next.module.next_image.module.image_optimizer.data.aws_iam_policy_document.logs"
          ]
        }
      ]
    },
    {
      "module": "module.tf_next.module.next_image[0].module.image_optimizer",
      "mode": "managed",
      "type": "aws_iam_role",
      "name": "lambda",
      "provider": "provider[\"registry.terraform.io/hashicorp/aws\"]",
      "instances": [
        {
          "index_key": 0,
          "schema_version": 0,
          "attributes": {
            "arn": "arn:aws:iam::435287689194:role/tf-next_tfn-image",
            "assume_role_policy": "{\"Version\":\"2012-10-17\",\"Statement\":[{\"Sid\":\"\",\"Effect\":\"Allow\",\"Principal\":{\"Service\":\"lambda.amazonaws.com\"},\"Action\":\"sts:AssumeRole\"}]}",
            "create_date": "2022-04-22T05:37:22Z",
            "description": "",
            "force_detach_policies": true,
            "id": "tf-next_tfn-image",
            "inline_policy": [
              {
                "name": "",
                "policy": ""
              }
            ],
            "managed_policy_arns": [
              "arn:aws:iam::435287689194:policy/tf-next_tfn-image",
              "arn:aws:iam::435287689194:policy/tf-next_tfn-image-logs"
            ],
            "max_session_duration": 3600,
            "name": "tf-next_tfn-image",
            "name_prefix": "",
            "path": "/",
            "permissions_boundary": null,
            "tags": {},
            "tags_all": {},
            "unique_id": "AROAWKWJLA7VJKDNY5ITC"
          },
          "sensitive_attributes": [],
          "private": "bnVsbA==",
          "dependencies": [
            "module.tf_next.module.next_image.module.image_optimizer.data.aws_iam_policy_document.assume_role"
          ]
        }
      ]
    },
    {
      "module": "module.tf_next.module.next_image[0].module.image_optimizer",
      "mode": "managed",
      "type": "aws_iam_role_policy_attachment",
      "name": "additional_json",
      "provider": "provider[\"registry.terraform.io/hashicorp/aws\"]",
      "instances": [
        {
          "index_key": 0,
          "schema_version": 0,
          "attributes": {
            "id": "tf-next_tfn-image-20220422053739843200000010",
            "policy_arn": "arn:aws:iam::435287689194:policy/tf-next_tfn-image",
            "role": "tf-next_tfn-image"
          },
          "sensitive_attributes": [],
          "private": "bnVsbA==",
          "dependencies": [
            "module.tf_next.data.aws_iam_policy_document.access_static_deployment",
            "module.tf_next.module.next_image.module.image_optimizer.aws_iam_policy.additional_json",
            "module.tf_next.module.next_image.module.image_optimizer.aws_iam_role.lambda",
            "module.tf_next.module.next_image.module.image_optimizer.data.aws_iam_policy_document.assume_role",
            "module.tf_next.module.statics_deploy.aws_s3_bucket.static_deploy"
          ]
        }
      ]
    },
    {
      "module": "module.tf_next.module.next_image[0].module.image_optimizer",
      "mode": "managed",
      "type": "aws_iam_role_policy_attachment",
      "name": "logs",
      "provider": "provider[\"registry.terraform.io/hashicorp/aws\"]",
      "instances": [
        {
          "index_key": 0,
          "schema_version": 0,
          "attributes": {
            "id": "tf-next_tfn-image-2022042205372606270000000c",
            "policy_arn": "arn:aws:iam::435287689194:policy/tf-next_tfn-image-logs",
            "role": "tf-next_tfn-image"
          },
          "sensitive_attributes": [],
          "private": "bnVsbA==",
          "dependencies": [
            "module.tf_next.module.next_image.module.image_optimizer.aws_cloudwatch_log_group.lambda",
            "module.tf_next.module.next_image.module.image_optimizer.aws_iam_policy.logs",
            "module.tf_next.module.next_image.module.image_optimizer.aws_iam_role.lambda",
            "module.tf_next.module.next_image.module.image_optimizer.data.aws_arn.log_group_arn",
            "module.tf_next.module.next_image.module.image_optimizer.data.aws_cloudwatch_log_group.lambda",
            "module.tf_next.module.next_image.module.image_optimizer.data.aws_iam_policy_document.assume_role",
            "module.tf_next.module.next_image.module.image_optimizer.data.aws_iam_policy_document.logs"
          ]
        }
      ]
    },
    {
      "module": "module.tf_next.module.next_image[0].module.image_optimizer",
      "mode": "managed",
      "type": "aws_lambda_function",
      "name": "this",
      "provider": "provider[\"registry.terraform.io/hashicorp/aws\"]",
      "instances": [
        {
          "index_key": 0,
          "schema_version": 0,
          "attributes": {
            "architectures": [
              "x86_64"
            ],
            "arn": "arn:aws:lambda:us-east-1:435287689194:function:tf-next_tfn-image",
            "code_signing_config_arn": "",
            "dead_letter_config": [],
            "description": "Managed by Terraform Next.js image optimizer",
            "environment": [
              {
                "variables": {
                  "NODE_ENV": "production",
                  "TF_NEXTIMAGE_CONTENT_SECURITY_POLICY": "\"script-src 'none'; frame-src 'none'; sandbox;\"",
                  "TF_NEXTIMAGE_DEVICE_SIZES": "[]",
                  "TF_NEXTIMAGE_DOMAINS": "[\"api.qrserver.com\",\"qrserver.com\"]",
                  "TF_NEXTIMAGE_FORMATS": "[\"image/webp\"]",
                  "TF_NEXTIMAGE_IMAGE_SIZES": "[640,750,828,1080,1200,1920,2048,3840,16,32,48,64,96,128,256,384]",
                  "TF_NEXTIMAGE_SOURCE_BUCKET": "tf-next-tfn-static20220422053723594600000008"
                }
              }
            ],
            "ephemeral_storage": [
              {
                "size": 512
              }
            ],
            "file_system_config": [],
            "filename": ".terraform/modules/tf_next.next_image.lambda_content/download/@millihq/tf-next-image-optimization/dist.zip",
            "function_name": "tf-next_tfn-image",
            "handler": "handler.handler",
            "id": "tf-next_tfn-image",
            "image_config": [],
            "image_uri": "",
            "invoke_arn": "arn:aws:apigateway:us-east-1:lambda:path/2015-03-31/functions/arn:aws:lambda:us-east-1:435287689194:function:tf-next_tfn-image/invocations",
            "kms_key_arn": "",
            "last_modified": "2022-04-22T05:37:59.085+0000",
            "layers": [],
            "memory_size": 2048,
            "package_type": "Zip",
            "publish": true,
            "qualified_arn": "arn:aws:lambda:us-east-1:435287689194:function:tf-next_tfn-image:1",
            "reserved_concurrent_executions": -1,
            "role": "arn:aws:iam::435287689194:role/tf-next_tfn-image",
            "runtime": "nodejs14.x",
            "s3_bucket": null,
            "s3_key": null,
            "s3_object_version": null,
            "signing_job_arn": "",
            "signing_profile_version_arn": "",
            "source_code_hash": "2VcAlIMmdwW1rmdN4MChydSZW8VP/1rnsZEWBIuD9AI=",
            "source_code_size": 8367234,
            "tags": {},
            "tags_all": {},
            "timeout": 30,
            "timeouts": null,
            "tracing_config": [
              {
                "mode": "PassThrough"
              }
            ],
            "version": "1",
            "vpc_config": []
          },
          "sensitive_attributes": [],
          "private": "eyJlMmJmYjczMC1lY2FhLTExZTYtOGY4OC0zNDM2M2JjN2M0YzAiOnsiY3JlYXRlIjo2MDAwMDAwMDAwMDB9fQ==",
          "dependencies": [
            "module.tf_next.module.next_image.module.image_optimizer.aws_cloudwatch_log_group.lambda",
            "module.tf_next.module.next_image.module.image_optimizer.aws_iam_role.lambda",
            "module.tf_next.module.next_image.module.image_optimizer.aws_s3_object.lambda_package",
            "module.tf_next.module.next_image.module.image_optimizer.data.aws_iam_policy_document.assume_role",
            "module.tf_next.module.next_image.module.image_optimizer.data.external.archive_prepare",
            "module.tf_next.module.next_image.module.image_optimizer.local_file.archive_plan",
            "module.tf_next.module.next_image.module.image_optimizer.null_resource.archive",
            "module.tf_next.module.next_image.module.lambda_content.data.external.download",
            "module.tf_next.module.next_image.module.lambda_content.data.external.this",
            "module.tf_next.module.statics_deploy.aws_s3_bucket.static_deploy"
          ]
        }
      ]
    },
    {
      "module": "module.tf_next.module.next_image[0].module.image_optimizer",
      "mode": "managed",
      "type": "aws_lambda_permission",
      "name": "current_version_triggers",
      "provider": "provider[\"registry.terraform.io/hashicorp/aws\"]",
      "instances": [
        {
          "index_key": "AllowExecutionFromAPIGateway",
          "schema_version": 0,
          "attributes": {
            "action": "lambda:InvokeFunction",
            "event_source_token": null,
            "function_name": "tf-next_tfn-image",
            "id": "AllowExecutionFromAPIGateway",
            "principal": "apigateway.amazonaws.com",
            "principal_org_id": null,
            "qualifier": "1",
            "source_account": null,
            "source_arn": null,
            "statement_id": "AllowExecutionFromAPIGateway",
            "statement_id_prefix": null
          },
          "sensitive_attributes": [],
          "private": "bnVsbA==",
          "dependencies": [
            "module.tf_next.module.next_image.module.api_gateway.aws_apigatewayv2_api.this",
            "module.tf_next.module.next_image.module.image_optimizer.aws_cloudwatch_log_group.lambda",
            "module.tf_next.module.next_image.module.image_optimizer.aws_iam_role.lambda",
            "module.tf_next.module.next_image.module.image_optimizer.aws_lambda_function.this",
            "module.tf_next.module.next_image.module.image_optimizer.aws_s3_object.lambda_package",
            "module.tf_next.module.next_image.module.image_optimizer.data.aws_iam_policy_document.assume_role",
            "module.tf_next.module.next_image.module.image_optimizer.data.external.archive_prepare",
            "module.tf_next.module.next_image.module.image_optimizer.local_file.archive_plan",
            "module.tf_next.module.next_image.module.image_optimizer.null_resource.archive",
            "module.tf_next.module.next_image.module.lambda_content.data.external.download",
            "module.tf_next.module.next_image.module.lambda_content.data.external.this",
            "module.tf_next.module.statics_deploy.aws_s3_bucket.static_deploy"
          ]
        }
      ]
    },
    {
      "module": "module.tf_next.module.next_image[0].module.image_optimizer",
      "mode": "managed",
      "type": "aws_lambda_permission",
      "name": "unqualified_alias_triggers",
      "provider": "provider[\"registry.terraform.io/hashicorp/aws\"]",
      "instances": [
        {
          "index_key": "AllowExecutionFromAPIGateway",
          "schema_version": 0,
          "attributes": {
            "action": "lambda:InvokeFunction",
            "event_source_token": null,
            "function_name": "tf-next_tfn-image",
            "id": "AllowExecutionFromAPIGateway",
            "principal": "apigateway.amazonaws.com",
            "principal_org_id": null,
            "qualifier": "",
            "source_account": null,
            "source_arn": null,
            "statement_id": "AllowExecutionFromAPIGateway",
            "statement_id_prefix": null
          },
          "sensitive_attributes": [],
          "private": "bnVsbA==",
          "dependencies": [
            "module.tf_next.module.next_image.module.api_gateway.aws_apigatewayv2_api.this",
            "module.tf_next.module.next_image.module.image_optimizer.aws_cloudwatch_log_group.lambda",
            "module.tf_next.module.next_image.module.image_optimizer.aws_iam_role.lambda",
            "module.tf_next.module.next_image.module.image_optimizer.aws_lambda_function.this",
            "module.tf_next.module.next_image.module.image_optimizer.aws_s3_object.lambda_package",
            "module.tf_next.module.next_image.module.image_optimizer.data.aws_iam_policy_document.assume_role",
            "module.tf_next.module.next_image.module.image_optimizer.data.external.archive_prepare",
            "module.tf_next.module.next_image.module.image_optimizer.local_file.archive_plan",
            "module.tf_next.module.next_image.module.image_optimizer.null_resource.archive",
            "module.tf_next.module.next_image.module.lambda_content.data.external.download",
            "module.tf_next.module.next_image.module.lambda_content.data.external.this",
            "module.tf_next.module.statics_deploy.aws_s3_bucket.static_deploy"
          ]
        }
      ]
    },
    {
      "module": "module.tf_next.module.next_image[0].module.lambda_content",
      "mode": "data",
      "type": "external",
      "name": "download",
      "provider": "provider[\"registry.terraform.io/hashicorp/external\"]",
      "instances": [
        {
          "index_key": 0,
          "schema_version": 0,
          "attributes": {
            "id": "-",
            "program": [
              "bash",
              ".terraform/modules/tf_next.next_image.lambda_content/download.sh",
              "https://cdn.jsdelivr.net/npm/@millihq/tf-next-image-optimization@12.1.1/dist.zip",
              ".terraform/modules/tf_next.next_image.lambda_content/download/@millihq/tf-next-image-optimization/dist.zip"
            ],
            "query": null,
            "result": {
              "path": ".terraform/modules/tf_next.next_image.lambda_content/download/@millihq/tf-next-image-optimization/dist.zip"
            },
            "working_dir": null
          },
          "sensitive_attributes": []
        }
      ]
    },
    {
      "module": "module.tf_next.module.proxy.module.edge_proxy",
      "mode": "data",
      "type": "aws_arn",
      "name": "log_group_arn",
      "provider": "provider[\"registry.terraform.io/hashicorp/aws\"].global_region",
      "instances": [
        {
          "index_key": 0,
          "schema_version": 0,
          "attributes": {
            "account": "435287689194",
            "arn": "arn:aws:logs:us-east-1:435287689194:log-group:/aws/lambda/us-east-1.tf-next_tfn-proxy",
            "id": "arn:aws:logs:us-east-1:435287689194:log-group:/aws/lambda/us-east-1.tf-next_tfn-proxy",
            "partition": "aws",
            "region": "us-east-1",
            "resource": "log-group:/aws/lambda/us-east-1.tf-next_tfn-proxy",
            "service": "logs"
          },
          "sensitive_attributes": []
        }
      ]
    },
    {
      "module": "module.tf_next.module.proxy.module.edge_proxy",
      "mode": "data",
      "type": "aws_iam_policy_document",
      "name": "assume_role",
      "provider": "provider[\"registry.terraform.io/hashicorp/aws\"].global_region",
      "instances": [
        {
          "index_key": 0,
          "schema_version": 0,
          "attributes": {
            "id": "3454655979",
            "json": "{\n  \"Version\": \"2012-10-17\",\n  \"Statement\": [\n    {\n      \"Sid\": \"\",\n      \"Effect\": \"Allow\",\n      \"Action\": \"sts:AssumeRole\",\n      \"Principal\": {\n        \"Service\": [\n          \"lambda.amazonaws.com\",\n          \"edgelambda.amazonaws.com\"\n        ]\n      }\n    }\n  ]\n}",
            "override_json": null,
            "override_policy_documents": null,
            "policy_id": null,
            "source_json": null,
            "source_policy_documents": null,
            "statement": [
              {
                "actions": [
                  "sts:AssumeRole"
                ],
                "condition": [],
                "effect": "Allow",
                "not_actions": [],
                "not_principals": [],
                "not_resources": [],
                "principals": [
                  {
                    "identifiers": [
                      "edgelambda.amazonaws.com",
                      "lambda.amazonaws.com"
                    ],
                    "type": "Service"
                  }
                ],
                "resources": [],
                "sid": ""
              }
            ],
            "version": "2012-10-17"
          },
          "sensitive_attributes": []
        }
      ]
    },
    {
      "module": "module.tf_next.module.proxy.module.edge_proxy",
      "mode": "data",
      "type": "aws_iam_policy_document",
      "name": "logs",
      "provider": "provider[\"registry.terraform.io/hashicorp/aws\"].global_region",
      "instances": [
        {
          "index_key": 0,
          "schema_version": 0,
          "attributes": {
            "id": "4074068120",
            "json": "{\n  \"Version\": \"2012-10-17\",\n  \"Statement\": [\n    {\n      \"Sid\": \"\",\n      \"Effect\": \"Allow\",\n      \"Action\": [\n        \"logs:PutLogEvents\",\n        \"logs:CreateLogStream\",\n        \"logs:CreateLogGroup\"\n      ],\n      \"Resource\": [\n        \"arn:aws:logs:*:435287689194:log-group:/aws/lambda/us-east-1.tf-next_tfn-proxy:*:*\",\n        \"arn:aws:logs:*:435287689194:log-group:/aws/lambda/us-east-1.tf-next_tfn-proxy:*\"\n      ]\n    }\n  ]\n}",
            "override_json": null,
            "override_policy_documents": null,
            "policy_id": null,
            "source_json": null,
            "source_policy_documents": null,
            "statement": [
              {
                "actions": [
                  "logs:CreateLogGroup",
                  "logs:CreateLogStream",
                  "logs:PutLogEvents"
                ],
                "condition": [],
                "effect": "Allow",
                "not_actions": [],
                "not_principals": [],
                "not_resources": [],
                "principals": [],
                "resources": [
                  "arn:aws:logs:*:435287689194:log-group:/aws/lambda/us-east-1.tf-next_tfn-proxy:*",
                  "arn:aws:logs:*:435287689194:log-group:/aws/lambda/us-east-1.tf-next_tfn-proxy:*:*"
                ],
                "sid": ""
              }
            ],
            "version": "2012-10-17"
          },
          "sensitive_attributes": []
        }
      ]
    },
    {
      "module": "module.tf_next.module.proxy.module.edge_proxy",
      "mode": "data",
      "type": "aws_partition",
      "name": "current",
      "provider": "provider[\"registry.terraform.io/hashicorp/aws\"].global_region",
      "instances": [
        {
          "schema_version": 0,
          "attributes": {
            "dns_suffix": "amazonaws.com",
            "id": "aws",
            "partition": "aws",
            "reverse_dns_prefix": "com.amazonaws"
          },
          "sensitive_attributes": []
        }
      ]
    },
    {
      "module": "module.tf_next.module.proxy.module.edge_proxy",
      "mode": "managed",
      "type": "aws_cloudwatch_log_group",
      "name": "lambda",
      "provider": "provider[\"registry.terraform.io/hashicorp/aws\"].global_region",
      "instances": [
        {
          "index_key": 0,
          "schema_version": 0,
          "attributes": {
            "arn": "arn:aws:logs:us-east-1:435287689194:log-group:/aws/lambda/us-east-1.tf-next_tfn-proxy",
            "id": "/aws/lambda/us-east-1.tf-next_tfn-proxy",
            "kms_key_id": "",
            "name": "/aws/lambda/us-east-1.tf-next_tfn-proxy",
            "name_prefix": null,
            "retention_in_days": 30,
            "tags": {},
            "tags_all": {}
          },
          "sensitive_attributes": [],
          "private": "bnVsbA=="
        }
      ]
    },
    {
      "module": "module.tf_next.module.proxy.module.edge_proxy",
      "mode": "managed",
      "type": "aws_iam_policy",
      "name": "logs",
      "provider": "provider[\"registry.terraform.io/hashicorp/aws\"].global_region",
      "instances": [
        {
          "index_key": 0,
          "schema_version": 0,
          "attributes": {
            "arn": "arn:aws:iam::435287689194:policy/tf-next_tfn-proxy-logs",
            "description": "",
            "id": "arn:aws:iam::435287689194:policy/tf-next_tfn-proxy-logs",
            "name": "tf-next_tfn-proxy-logs",
            "name_prefix": null,
            "path": "/",
            "policy": "{\"Statement\":[{\"Action\":[\"logs:PutLogEvents\",\"logs:CreateLogStream\",\"logs:CreateLogGroup\"],\"Effect\":\"Allow\",\"Resource\":[\"arn:aws:logs:*:435287689194:log-group:/aws/lambda/us-east-1.tf-next_tfn-proxy:*:*\",\"arn:aws:logs:*:435287689194:log-group:/aws/lambda/us-east-1.tf-next_tfn-proxy:*\"],\"Sid\":\"\"}],\"Version\":\"2012-10-17\"}",
            "policy_id": "ANPAWKWJLA7VKLZLY55QF",
            "tags": {},
            "tags_all": {}
          },
          "sensitive_attributes": [],
          "private": "bnVsbA==",
          "dependencies": [
            "module.tf_next.module.proxy.module.edge_proxy.aws_cloudwatch_log_group.lambda",
            "module.tf_next.module.proxy.module.edge_proxy.data.aws_arn.log_group_arn",
            "module.tf_next.module.proxy.module.edge_proxy.data.aws_cloudwatch_log_group.lambda",
            "module.tf_next.module.proxy.module.edge_proxy.data.aws_iam_policy_document.logs"
          ]
        }
      ]
    },
    {
      "module": "module.tf_next.module.proxy.module.edge_proxy",
      "mode": "managed",
      "type": "aws_iam_role",
      "name": "lambda",
      "provider": "provider[\"registry.terraform.io/hashicorp/aws\"].global_region",
      "instances": [
        {
          "index_key": 0,
          "schema_version": 0,
          "attributes": {
            "arn": "arn:aws:iam::435287689194:role/tf-next_tfn-proxy",
            "assume_role_policy": "{\"Version\":\"2012-10-17\",\"Statement\":[{\"Sid\":\"\",\"Effect\":\"Allow\",\"Principal\":{\"Service\":[\"edgelambda.amazonaws.com\",\"lambda.amazonaws.com\"]},\"Action\":\"sts:AssumeRole\"}]}",
            "create_date": "2022-04-22T05:37:25Z",
            "description": "",
            "force_detach_policies": true,
            "id": "tf-next_tfn-proxy",
            "inline_policy": [
              {
                "name": "",
                "policy": ""
              }
            ],
            "managed_policy_arns": [
              "arn:aws:iam::435287689194:policy/tf-next_tfn-proxy-logs"
            ],
            "max_session_duration": 3600,
            "name": "tf-next_tfn-proxy",
            "name_prefix": "",
            "path": "/",
            "permissions_boundary": null,
            "tags": {},
            "tags_all": {},
            "unique_id": "AROAWKWJLA7VAXYOVXKNM"
          },
          "sensitive_attributes": [],
          "private": "bnVsbA==",
          "dependencies": [
            "module.tf_next.module.proxy.module.edge_proxy.data.aws_iam_policy_document.assume_role"
          ]
        }
      ]
    },
    {
      "module": "module.tf_next.module.proxy.module.edge_proxy",
      "mode": "managed",
      "type": "aws_iam_role_policy_attachment",
      "name": "logs",
      "provider": "provider[\"registry.terraform.io/hashicorp/aws\"].global_region",
      "instances": [
        {
          "index_key": 0,
          "schema_version": 0,
          "attributes": {
            "id": "tf-next_tfn-proxy-20220422053730776300000001",
            "policy_arn": "arn:aws:iam::435287689194:policy/tf-next_tfn-proxy-logs",
            "role": "tf-next_tfn-proxy"
          },
          "sensitive_attributes": [],
          "private": "bnVsbA==",
          "dependencies": [
            "module.tf_next.module.proxy.module.edge_proxy.aws_cloudwatch_log_group.lambda",
            "module.tf_next.module.proxy.module.edge_proxy.aws_iam_policy.logs",
            "module.tf_next.module.proxy.module.edge_proxy.aws_iam_role.lambda",
            "module.tf_next.module.proxy.module.edge_proxy.data.aws_arn.log_group_arn",
            "module.tf_next.module.proxy.module.edge_proxy.data.aws_cloudwatch_log_group.lambda",
            "module.tf_next.module.proxy.module.edge_proxy.data.aws_iam_policy_document.assume_role",
            "module.tf_next.module.proxy.module.edge_proxy.data.aws_iam_policy_document.logs"
          ]
        }
      ]
    },
    {
      "module": "module.tf_next.module.proxy.module.edge_proxy",
      "mode": "managed",
      "type": "aws_lambda_function",
      "name": "this",
      "provider": "provider[\"registry.terraform.io/hashicorp/aws\"].global_region",
      "instances": [
        {
          "index_key": 0,
          "schema_version": 0,
          "attributes": {
            "architectures": [
              "x86_64"
            ],
            "arn": "arn:aws:lambda:us-east-1:435287689194:function:tf-next_tfn-proxy",
            "code_signing_config_arn": "",
            "dead_letter_config": [],
            "description": "Managed by Terraform Next.js",
            "environment": [],
            "ephemeral_storage": [
              {
                "size": 512
              }
            ],
            "file_system_config": [],
            "filename": ".terraform/modules/tf_next.proxy.proxy_package/download/@millihq/terraform-next-proxy/dist.zip",
            "function_name": "tf-next_tfn-proxy",
            "handler": "handler.handler",
            "id": "tf-next_tfn-proxy",
            "image_config": [],
            "image_uri": "",
            "invoke_arn": "arn:aws:apigateway:us-east-1:lambda:path/2015-03-31/functions/arn:aws:lambda:us-east-1:435287689194:function:tf-next_tfn-proxy/invocations",
            "kms_key_arn": "",
            "last_modified": "2022-04-22T05:37:34.262+0000",
            "layers": [],
            "memory_size": 128,
            "package_type": "Zip",
            "publish": true,
            "qualified_arn": "arn:aws:lambda:us-east-1:435287689194:function:tf-next_tfn-proxy:6",
            "reserved_concurrent_executions": -1,
            "role": "arn:aws:iam::435287689194:role/tf-next_tfn-proxy",
            "runtime": "nodejs14.x",
            "s3_bucket": null,
            "s3_key": null,
            "s3_object_version": null,
            "signing_job_arn": "",
            "signing_profile_version_arn": "",
            "source_code_hash": "b8SctuBKNc8uym4RWOpz5lNUIfuvThHCvTYwdCXKKXw=",
            "source_code_size": 109922,
            "tags": {},
            "tags_all": {},
            "timeout": 3,
            "timeouts": null,
            "tracing_config": [
              {
                "mode": "PassThrough"
              }
            ],
            "version": "6",
            "vpc_config": []
          },
          "sensitive_attributes": [],
          "private": "eyJlMmJmYjczMC1lY2FhLTExZTYtOGY4OC0zNDM2M2JjN2M0YzAiOnsiY3JlYXRlIjo2MDAwMDAwMDAwMDB9fQ==",
          "dependencies": [
            "module.tf_next.module.proxy.module.edge_proxy.aws_cloudwatch_log_group.lambda",
            "module.tf_next.module.proxy.module.edge_proxy.aws_iam_role.lambda",
            "module.tf_next.module.proxy.module.edge_proxy.aws_s3_object.lambda_package",
            "module.tf_next.module.proxy.module.edge_proxy.data.aws_iam_policy_document.assume_role",
            "module.tf_next.module.proxy.module.edge_proxy.data.external.archive_prepare",
            "module.tf_next.module.proxy.module.edge_proxy.local_file.archive_plan",
            "module.tf_next.module.proxy.module.edge_proxy.null_resource.archive",
            "module.tf_next.module.proxy.module.proxy_package.data.external.download",
            "module.tf_next.module.proxy.module.proxy_package.data.external.this"
          ]
        }
      ]
    },
    {
      "module": "module.tf_next.module.proxy.module.proxy_package",
      "mode": "data",
      "type": "external",
      "name": "download",
      "provider": "provider[\"registry.terraform.io/hashicorp/external\"]",
      "instances": [
        {
          "index_key": 0,
          "schema_version": 0,
          "attributes": {
            "id": "-",
            "program": [
              "bash",
              ".terraform/modules/tf_next.proxy.proxy_package/download.sh",
              "https://cdn.jsdelivr.net/npm/@millihq/terraform-next-proxy@0.12.1/dist.zip",
              ".terraform/modules/tf_next.proxy.proxy_package/download/@millihq/terraform-next-proxy/dist.zip"
            ],
            "query": null,
            "result": {
              "path": ".terraform/modules/tf_next.proxy.proxy_package/download/@millihq/terraform-next-proxy/dist.zip"
            },
            "working_dir": null
          },
          "sensitive_attributes": []
        }
      ]
    },
    {
      "module": "module.tf_next.module.proxy_config",
      "mode": "data",
      "type": "aws_cloudfront_cache_policy",
      "name": "managed_caching_optimized_for_uncompressed_objects",
      "provider": "provider[\"registry.terraform.io/hashicorp/aws\"]",
      "instances": [
        {
          "schema_version": 0,
          "attributes": {
            "comment": "Default policy when compression is disabled",
            "default_ttl": 86400,
            "etag": "E23ZP02F085DFQ",
            "id": "b2884449-e4de-46a7-ac36-70bc7f1ddd6d",
            "max_ttl": 31536000,
            "min_ttl": 1,
            "name": "Managed-CachingOptimizedForUncompressedObjects",
            "parameters_in_cache_key_and_forwarded_to_origin": [
              {
                "cookies_config": [
                  {
                    "cookie_behavior": "none",
                    "cookies": []
                  }
                ],
                "enable_accept_encoding_brotli": false,
                "enable_accept_encoding_gzip": false,
                "headers_config": [
                  {
                    "header_behavior": "none",
                    "headers": []
                  }
                ],
                "query_strings_config": [
                  {
                    "query_string_behavior": "none",
                    "query_strings": []
                  }
                ]
              }
            ]
          },
          "sensitive_attributes": []
        }
      ]
    },
    {
      "module": "module.tf_next.module.proxy_config",
      "mode": "data",
      "type": "aws_cloudfront_origin_request_policy",
      "name": "managed_cors_s3_origin",
      "provider": "provider[\"registry.terraform.io/hashicorp/aws\"]",
      "instances": [
        {
          "schema_version": 0,
          "attributes": {
            "comment": "Policy for S3 origin with CORS",
            "cookies_config": [
              {
                "cookie_behavior": "none",
                "cookies": []
              }
            ],
            "etag": "E23ZP02F085DFQ",
            "headers_config": [
              {
                "header_behavior": "whitelist",
                "headers": [
                  {
                    "items": [
                      "access-control-request-headers",
                      "access-control-request-method",
                      "origin"
                    ]
                  }
                ]
              }
            ],
            "id": "88a5eaf4-2fd4-4709-b370-b4c650ea3fcf",
            "name": "Managed-CORS-S3Origin",
            "query_strings_config": [
              {
                "query_string_behavior": "none",
                "query_strings": []
              }
            ]
          },
          "sensitive_attributes": []
        }
      ]
    },
    {
      "module": "module.tf_next.module.proxy_config",
      "mode": "data",
      "type": "aws_iam_policy_document",
      "name": "cf_access",
      "provider": "provider[\"registry.terraform.io/hashicorp/aws\"]",
      "instances": [
        {
          "schema_version": 0,
          "attributes": {
            "id": "1074356872",
            "json": "{\n  \"Version\": \"2012-10-17\",\n  \"Statement\": [\n    {\n      \"Sid\": \"\",\n      \"Effect\": \"Allow\",\n      \"Action\": \"s3:GetObject\",\n      \"Resource\": \"arn:aws:s3:::tf-next-tfn-config20220422053721076000000004/*\",\n      \"Principal\": {\n        \"AWS\": \"arn:aws:iam::cloudfront:user/CloudFront Origin Access Identity E2WZ3ER37JFA5N\"\n      }\n    }\n  ]\n}",
            "override_json": null,
            "override_policy_documents": null,
            "policy_id": null,
            "source_json": null,
            "source_policy_documents": null,
            "statement": [
              {
                "actions": [
                  "s3:GetObject"
                ],
                "condition": [],
                "effect": "Allow",
                "not_actions": [],
                "not_principals": [],
                "not_resources": [],
                "principals": [
                  {
                    "identifiers": [
                      "arn:aws:iam::cloudfront:user/CloudFront Origin Access Identity E2WZ3ER37JFA5N"
                    ],
                    "type": "AWS"
                  }
                ],
                "resources": [
                  "arn:aws:s3:::tf-next-tfn-config20220422053721076000000004/*"
                ],
                "sid": ""
              }
            ],
            "version": "2012-10-17"
          },
          "sensitive_attributes": []
        }
      ]
    },
    {
      "module": "module.tf_next.module.proxy_config",
      "mode": "managed",
      "type": "aws_cloudfront_distribution",
      "name": "distribution",
      "provider": "provider[\"registry.terraform.io/hashicorp/aws\"]",
      "instances": [
        {
          "schema_version": 1,
          "attributes": {
            "aliases": [],
            "arn": "arn:aws:cloudfront::435287689194:distribution/E2H20TDS7R6G0U",
            "caller_reference": "terraform-2022042205372699300000000e",
            "comment": "tf-next - Proxy-Config",
            "custom_error_response": [],
            "default_cache_behavior": [
              {
                "allowed_methods": [
                  "GET",
                  "HEAD"
                ],
                "cache_policy_id": "b2884449-e4de-46a7-ac36-70bc7f1ddd6d",
                "cached_methods": [
                  "GET",
                  "HEAD"
                ],
                "compress": false,
                "default_ttl": 0,
                "field_level_encryption_id": "",
                "forwarded_values": [],
                "function_association": [],
                "lambda_function_association": [],
                "max_ttl": 0,
                "min_ttl": 0,
                "origin_request_policy_id": "88a5eaf4-2fd4-4709-b370-b4c650ea3fcf",
                "realtime_log_config_arn": "",
                "response_headers_policy_id": "",
                "smooth_streaming": false,
                "target_origin_id": "S3-Proxy-Config-tf-next-tfn-config20220422053721076000000004",
                "trusted_key_groups": [],
                "trusted_signers": [],
                "viewer_protocol_policy": "allow-all"
              }
            ],
            "default_root_object": "",
            "domain_name": "dgeq6ngy4bvl.cloudfront.net",
            "enabled": true,
            "etag": "E138QE177Y0B4A",
            "hosted_zone_id": "Z2FDTNDATAQYW2",
            "http_version": "http2",
            "id": "E2H20TDS7R6G0U",
            "in_progress_validation_batches": 0,
            "is_ipv6_enabled": true,
            "last_modified_time": "2022-04-22 05:37:27.183 +0000 UTC",
            "logging_config": [],
            "ordered_cache_behavior": [],
            "origin": [
              {
                "connection_attempts": 3,
                "connection_timeout": 10,
                "custom_header": [],
                "custom_origin_config": [],
                "domain_name": "tf-next-tfn-config20220422053721076000000004.s3.amazonaws.com",
                "origin_id": "S3-Proxy-Config-tf-next-tfn-config20220422053721076000000004",
                "origin_path": "",
                "origin_shield": [],
                "s3_origin_config": [
                  {
                    "origin_access_identity": "origin-access-identity/cloudfront/E2WZ3ER37JFA5N"
                  }
                ]
              }
            ],
            "origin_group": [],
            "price_class": "PriceClass_100",
            "restrictions": [
              {
                "geo_restriction": [
                  {
                    "locations": [],
                    "restriction_type": "none"
                  }
                ]
              }
            ],
            "retain_on_delete": false,
            "status": "Deployed",
            "tags": {},
            "tags_all": {},
            "trusted_key_groups": [
              {
                "enabled": false,
                "items": []
              }
            ],
            "trusted_signers": [
              {
                "enabled": false,
                "items": []
              }
            ],
            "viewer_certificate": [
              {
                "acm_certificate_arn": "",
                "cloudfront_default_certificate": true,
                "iam_certificate_id": "",
                "minimum_protocol_version": "TLSv1",
                "ssl_support_method": ""
              }
            ],
            "wait_for_deployment": true,
            "web_acl_id": ""
          },
          "sensitive_attributes": [],
          "private": "eyJzY2hlbWFfdmVyc2lvbiI6IjEifQ==",
          "dependencies": [
            "module.tf_next.module.proxy_config.aws_cloudfront_origin_access_identity.this",
            "module.tf_next.module.proxy_config.aws_s3_bucket.proxy_config_store",
            "module.tf_next.module.proxy_config.data.aws_cloudfront_cache_policy.managed_caching_optimized_for_uncompressed_objects",
            "module.tf_next.module.proxy_config.data.aws_cloudfront_origin_request_policy.managed_cors_s3_origin"
          ]
        }
      ]
    },
    {
      "module": "module.tf_next.module.proxy_config",
      "mode": "managed",
      "type": "aws_cloudfront_origin_access_identity",
      "name": "this",
      "provider": "provider[\"registry.terraform.io/hashicorp/aws\"]",
      "instances": [
        {
          "schema_version": 0,
          "attributes": {
            "caller_reference": "terraform-2022042205372584700000000a",
            "cloudfront_access_identity_path": "origin-access-identity/cloudfront/E2WZ3ER37JFA5N",
            "comment": "S3 CloudFront access tf-next-tfn-config20220422053721076000000004",
            "etag": "EXE2UFK83465P",
            "iam_arn": "arn:aws:iam::cloudfront:user/CloudFront Origin Access Identity E2WZ3ER37JFA5N",
            "id": "E2WZ3ER37JFA5N",
            "s3_canonical_user_id": "2a449822aa8c41abbd61ef37eaae299c38049518ae7635d3c08f7cf96ab18d16bb1e809028633aded3bf0f27fcee04f4"
          },
          "sensitive_attributes": [],
          "private": "bnVsbA==",
          "dependencies": [
            "module.tf_next.module.proxy_config.aws_s3_bucket.proxy_config_store"
          ]
        }
      ]
    },
    {
      "module": "module.tf_next.module.proxy_config",
      "mode": "managed",
      "type": "aws_s3_bucket",
      "name": "proxy_config_store",
      "provider": "provider[\"registry.terraform.io/hashicorp/aws\"]",
      "instances": [
        {
          "schema_version": 0,
          "attributes": {
            "acceleration_status": "",
            "acl": null,
            "arn": "arn:aws:s3:::tf-next-tfn-config20220422053721076000000004",
            "bucket": "tf-next-tfn-config20220422053721076000000004",
            "bucket_domain_name": "tf-next-tfn-config20220422053721076000000004.s3.amazonaws.com",
            "bucket_prefix": "tf-next-tfn-config",
            "bucket_regional_domain_name": "tf-next-tfn-config20220422053721076000000004.s3.amazonaws.com",
            "cors_rule": [],
            "force_destroy": true,
            "grant": [
              {
                "id": "9b7b3418a13e4b06fa71974f423ec1dc8adbe29a5a183b5119e34ebb27efb21f",
                "permissions": [
                  "FULL_CONTROL"
                ],
                "type": "CanonicalUser",
                "uri": ""
              }
            ],
            "hosted_zone_id": "Z3AQBSTGFYJSTF",
            "id": "tf-next-tfn-config20220422053721076000000004",
            "lifecycle_rule": [],
            "logging": [],
            "object_lock_configuration": [],
            "object_lock_enabled": false,
            "policy": "{\"Version\":\"2012-10-17\",\"Statement\":[{\"Sid\":\"\",\"Effect\":\"Allow\",\"Principal\":{\"AWS\":\"arn:aws:iam::cloudfront:user/CloudFront Origin Access Identity E2WZ3ER37JFA5N\"},\"Action\":\"s3:GetObject\",\"Resource\":\"arn:aws:s3:::tf-next-tfn-config20220422053721076000000004/*\"}]}",
            "region": "us-east-1",
            "replication_configuration": [],
            "request_payer": "BucketOwner",
            "server_side_encryption_configuration": [],
            "tags": {},
            "tags_all": {},
            "versioning": [
              {
                "enabled": false,
                "mfa_delete": false
              }
            ],
            "website": [],
            "website_domain": null,
            "website_endpoint": null
          },
          "sensitive_attributes": [],
          "private": "bnVsbA=="
        }
      ]
    },
    {
      "module": "module.tf_next.module.proxy_config",
      "mode": "managed",
      "type": "aws_s3_bucket_acl",
      "name": "proxy_config_store",
      "provider": "provider[\"registry.terraform.io/hashicorp/aws\"]",
      "instances": [
        {
          "schema_version": 0,
          "attributes": {
            "access_control_policy": [
              {
                "grant": [
                  {
                    "grantee": [
                      {
                        "display_name": "nagaranudit",
                        "email_address": "",
                        "id": "9b7b3418a13e4b06fa71974f423ec1dc8adbe29a5a183b5119e34ebb27efb21f",
                        "type": "CanonicalUser",
                        "uri": ""
                      }
                    ],
                    "permission": "FULL_CONTROL"
                  }
                ],
                "owner": [
                  {
                    "display_name": "nagaranudit",
                    "id": "9b7b3418a13e4b06fa71974f423ec1dc8adbe29a5a183b5119e34ebb27efb21f"
                  }
                ]
              }
            ],
            "acl": "private",
            "bucket": "tf-next-tfn-config20220422053721076000000004",
            "expected_bucket_owner": "",
            "id": "tf-next-tfn-config20220422053721076000000004,private"
          },
          "sensitive_attributes": [],
          "private": "bnVsbA==",
          "dependencies": [
            "module.tf_next.module.proxy_config.aws_s3_bucket.proxy_config_store"
          ]
        }
      ]
    },
    {
      "module": "module.tf_next.module.proxy_config",
      "mode": "managed",
      "type": "aws_s3_bucket_policy",
      "name": "proxy_config_store_origin_access",
      "provider": "provider[\"registry.terraform.io/hashicorp/aws\"]",
      "instances": [
        {
          "schema_version": 0,
          "attributes": {
            "bucket": "tf-next-tfn-config20220422053721076000000004",
            "id": "tf-next-tfn-config20220422053721076000000004",
            "policy": "{\"Statement\":[{\"Action\":\"s3:GetObject\",\"Effect\":\"Allow\",\"Principal\":{\"AWS\":\"arn:aws:iam::cloudfront:user/CloudFront Origin Access Identity E2WZ3ER37JFA5N\"},\"Resource\":\"arn:aws:s3:::tf-next-tfn-config20220422053721076000000004/*\",\"Sid\":\"\"}],\"Version\":\"2012-10-17\"}"
          },
          "sensitive_attributes": [],
          "private": "bnVsbA==",
          "dependencies": [
            "module.tf_next.module.proxy_config.aws_cloudfront_origin_access_identity.this",
            "module.tf_next.module.proxy_config.aws_s3_bucket.proxy_config_store",
            "module.tf_next.module.proxy_config.data.aws_iam_policy_document.cf_access"
          ]
        }
      ]
    },
    {
      "module": "module.tf_next.module.proxy_config",
      "mode": "managed",
      "type": "aws_s3_object",
      "name": "config_json",
      "provider": "provider[\"registry.terraform.io/hashicorp/aws\"]",
      "instances": [
        {
          "schema_version": 0,
          "attributes": {
            "acl": "private",
            "bucket": "tf-next-tfn-config20220422053721076000000004",
            "bucket_key_enabled": false,
            "cache_control": "max-age=900",
            "content": "{\"lambdaRoutes\":[\"/__NEXT_API_LAMBDA_0\",\"/__NEXT_PAGE_LAMBDA_0\"],\"prerenders\":{},\"routes\":[{\"continue\":true,\"headers\":{\"Location\":\"/$1\"},\"src\":\"^(?:\\\\/((?:[^\\\\/]+?)(?:\\\\/(?:[^\\\\/]+?))*))\\\\/$\",\"status\":308},{\"continue\":true,\"src\":\"/404\",\"status\":404},{\"handle\":\"filesystem\"},{\"check\":true,\"dest\":\"/__NEXT_API_LAMBDA_0\",\"headers\":{\"x-nextjs-page\":\"/api/apikey\"},\"src\":\"^/api/apikey/?$\"},{\"check\":true,\"dest\":\"/__NEXT_API_LAMBDA_0\",\"headers\":{\"x-nextjs-page\":\"/api/auth\"},\"src\":\"^/api/auth/?$\"},{\"check\":true,\"dest\":\"/__NEXT_API_LAMBDA_0\",\"headers\":{\"x-nextjs-page\":\"/api/authV2\"},\"src\":\"^/api/authV2/?$\"},{\"check\":true,\"dest\":\"/__NEXT_API_LAMBDA_0\",\"headers\":{\"x-nextjs-page\":\"/api/comment\"},\"src\":\"^/api/comment/?$\"},{\"check\":true,\"dest\":\"/__NEXT_API_LAMBDA_0\",\"headers\":{\"x-nextjs-page\":\"/api/comments\"},\"src\":\"^/api/comments/?$\"},{\"check\":true,\"dest\":\"/__NEXT_API_LAMBDA_0\",\"headers\":{\"x-nextjs-page\":\"/api/custom/lb\"},\"src\":\"^/api/custom/lb/?$\"},{\"check\":true,\"dest\":\"/__NEXT_API_LAMBDA_0\",\"headers\":{\"x-nextjs-page\":\"/api/discord\"},\"src\":\"^/api/discord/?$\"},{\"check\":true,\"dest\":\"/__NEXT_API_LAMBDA_0\",\"headers\":{\"x-nextjs-page\":\"/api/getAblyAuth\"},\"src\":\"^/api/getAblyAuth/?$\"},{\"check\":true,\"dest\":\"/__NEXT_API_LAMBDA_0\",\"headers\":{\"x-nextjs-page\":\"/api/identity\"},\"src\":\"^/api/identity/?$\"},{\"check\":true,\"dest\":\"/__NEXT_API_LAMBDA_0\",\"headers\":{\"x-nextjs-page\":\"/api/ping\"},\"src\":\"^/api/ping/?$\"},{\"check\":true,\"dest\":\"/__NEXT_API_LAMBDA_0\",\"headers\":{\"x-nextjs-page\":\"/api/slack\"},\"src\":\"^/api/slack/?$\"},{\"check\":true,\"dest\":\"/__NEXT_API_LAMBDA_0\",\"headers\":{\"x-nextjs-page\":\"/api/telegram\"},\"src\":\"^/api/telegram/?$\"},{\"check\":true,\"dest\":\"/__NEXT_API_LAMBDA_0\",\"headers\":{\"x-nextjs-page\":\"/api/threads\"},\"src\":\"^/api/threads/?$\"},{\"check\":true,\"dest\":\"/__NEXT_API_LAMBDA_0\",\"headers\":{\"x-nextjs-page\":\"/api/uauthCallback\"},\"src\":\"^/api/uauthCallback/?$\"},{\"check\":true,\"dest\":\"/__NEXT_API_LAMBDA_0\",\"headers\":{\"x-nextjs-page\":\"/api/urlmeta\"},\"src\":\"^/api/urlmeta/?$\"},{\"check\":true,\"dest\":\"/__NEXT_API_LAMBDA_0\",\"headers\":{\"x-nextjs-page\":\"/api/validateAuth\"},\"src\":\"^/api/validateAuth/?$\"},{\"check\":true,\"dest\":\"/__NEXT_API_LAMBDA_0\",\"headers\":{\"x-nextjs-page\":\"/api/vote\"},\"src\":\"^/api/vote/?$\"},{\"check\":true,\"dest\":\"/__NEXT_API_LAMBDA_0\",\"headers\":{\"x-nextjs-page\":\"/api/zkidentity\"},\"src\":\"^/api/zkidentity/?$\"},{\"check\":true,\"dest\":\"/__NEXT_PAGE_LAMBDA_0\",\"headers\":{\"x-nextjs-page\":\"/explore\"},\"src\":\"^/explore/?$\"},{\"check\":true,\"dest\":\"/__NEXT_PAGE_LAMBDA_0\",\"headers\":{\"x-nextjs-page\":\"/index\"},\"src\":\"^(/|/index|)/?$\"},{\"check\":true,\"dest\":\"/__NEXT_PAGE_LAMBDA_0\",\"headers\":{\"x-nextjs-page\":\"/stats\"},\"src\":\"^/stats/?$\"},{\"handle\":\"resource\"},{\"src\":\"/.*\",\"status\":404},{\"handle\":\"miss\"},{\"handle\":\"rewrite\"},{\"check\":true,\"dest\":\"/\",\"src\":\"^/_next/data/DMZsZXgLY9Sa1FyskTcYG/index.json$\"},{\"check\":true,\"dest\":\"/embed/c/[commentId]?commentId=$commentId\",\"src\":\"^/_next/data/DMZsZXgLY9Sa1FyskTcYG/embed/c/(?\\u003ccommentId\\u003e[^/]+?)\\\\.json$\"},{\"check\":true,\"dest\":\"/__NEXT_PAGE_LAMBDA_0\",\"headers\":{\"x-nextjs-page\":\"/embed/c/[commentId]\"},\"src\":\"^/embed/c/\\\\[commentId\\\\]/?$\"},{\"check\":true,\"dest\":\"/explore\",\"src\":\"^/_next/data/DMZsZXgLY9Sa1FyskTcYG/explore.json$\"},{\"check\":true,\"dest\":\"/site/[siteUrlEncoded]?siteUrlEncoded=$siteUrlEncoded\",\"src\":\"^/_next/data/DMZsZXgLY9Sa1FyskTcYG/site/(?\\u003csiteUrlEncoded\\u003e[^/]+?)\\\\.json$\"},{\"check\":true,\"dest\":\"/__NEXT_PAGE_LAMBDA_0\",\"headers\":{\"x-nextjs-page\":\"/site/[siteUrlEncoded]\"},\"src\":\"^/site/\\\\[siteUrlEncoded\\\\]/?$\"},{\"check\":true,\"dest\":\"/stats\",\"src\":\"^/_next/data/DMZsZXgLY9Sa1FyskTcYG/stats.json$\"},{\"check\":true,\"dest\":\"/thread/[threadId]?threadId=$threadId\",\"src\":\"^/_next/data/DMZsZXgLY9Sa1FyskTcYG/thread/(?\\u003cthreadId\\u003e[^/]+?)\\\\.json$\"},{\"check\":true,\"dest\":\"/__NEXT_PAGE_LAMBDA_0\",\"headers\":{\"x-nextjs-page\":\"/thread/[threadId]\"},\"src\":\"^/thread/\\\\[threadId\\\\]/?$\"},{\"check\":true,\"dest\":\"/__NEXT_API_LAMBDA_0\",\"headers\":{\"x-nextjs-page\":\"/api/apikey\"},\"src\":\"^/api/apikey/?$\"},{\"check\":true,\"dest\":\"/__NEXT_API_LAMBDA_0\",\"headers\":{\"x-nextjs-page\":\"/api/auth\"},\"src\":\"^/api/auth/?$\"},{\"check\":true,\"dest\":\"/__NEXT_API_LAMBDA_0\",\"headers\":{\"x-nextjs-page\":\"/api/authV2\"},\"src\":\"^/api/authV2/?$\"},{\"check\":true,\"dest\":\"/__NEXT_API_LAMBDA_0\",\"headers\":{\"x-nextjs-page\":\"/api/comment\"},\"src\":\"^/api/comment/?$\"},{\"check\":true,\"dest\":\"/__NEXT_API_LAMBDA_0\",\"headers\":{\"x-nextjs-page\":\"/api/comments\"},\"src\":\"^/api/comments/?$\"},{\"check\":true,\"dest\":\"/__NEXT_API_LAMBDA_0\",\"headers\":{\"x-nextjs-page\":\"/api/custom/lb\"},\"src\":\"^/api/custom/lb/?$\"},{\"check\":true,\"dest\":\"/__NEXT_API_LAMBDA_0\",\"headers\":{\"x-nextjs-page\":\"/api/discord\"},\"src\":\"^/api/discord/?$\"},{\"check\":true,\"dest\":\"/__NEXT_API_LAMBDA_0\",\"headers\":{\"x-nextjs-page\":\"/api/getAblyAuth\"},\"src\":\"^/api/getAblyAuth/?$\"},{\"check\":true,\"dest\":\"/__NEXT_API_LAMBDA_0\",\"headers\":{\"x-nextjs-page\":\"/api/identity\"},\"src\":\"^/api/identity/?$\"},{\"check\":true,\"dest\":\"/__NEXT_API_LAMBDA_0\",\"headers\":{\"x-nextjs-page\":\"/api/ping\"},\"src\":\"^/api/ping/?$\"},{\"check\":true,\"dest\":\"/__NEXT_API_LAMBDA_0\",\"headers\":{\"x-nextjs-page\":\"/api/slack\"},\"src\":\"^/api/slack/?$\"},{\"check\":true,\"dest\":\"/__NEXT_API_LAMBDA_0\",\"headers\":{\"x-nextjs-page\":\"/api/telegram\"},\"src\":\"^/api/telegram/?$\"},{\"check\":true,\"dest\":\"/__NEXT_API_LAMBDA_0\",\"headers\":{\"x-nextjs-page\":\"/api/threads\"},\"src\":\"^/api/threads/?$\"},{\"check\":true,\"dest\":\"/__NEXT_API_LAMBDA_0\",\"headers\":{\"x-nextjs-page\":\"/api/uauthCallback\"},\"src\":\"^/api/uauthCallback/?$\"},{\"check\":true,\"dest\":\"/__NEXT_API_LAMBDA_0\",\"headers\":{\"x-nextjs-page\":\"/api/urlmeta\"},\"src\":\"^/api/urlmeta/?$\"},{\"check\":true,\"dest\":\"/__NEXT_API_LAMBDA_0\",\"headers\":{\"x-nextjs-page\":\"/api/validateAuth\"},\"src\":\"^/api/validateAuth/?$\"},{\"check\":true,\"dest\":\"/__NEXT_API_LAMBDA_0\",\"headers\":{\"x-nextjs-page\":\"/api/vote\"},\"src\":\"^/api/vote/?$\"},{\"check\":true,\"dest\":\"/__NEXT_API_LAMBDA_0\",\"headers\":{\"x-nextjs-page\":\"/api/zkidentity\"},\"src\":\"^/api/zkidentity/?$\"},{\"check\":true,\"dest\":\"/__NEXT_PAGE_LAMBDA_0\",\"headers\":{\"x-nextjs-page\":\"/explore\"},\"src\":\"^/explore/?$\"},{\"check\":true,\"dest\":\"/__NEXT_PAGE_LAMBDA_0\",\"headers\":{\"x-nextjs-page\":\"/index\"},\"src\":\"^(/|/index|)/?$\"},{\"check\":true,\"dest\":\"/__NEXT_PAGE_LAMBDA_0\",\"headers\":{\"x-nextjs-page\":\"/stats\"},\"src\":\"^/stats/?$\"},{\"check\":true,\"dest\":\"/api/threads/user/[address]?address=$address\",\"src\":\"^/api/threads/user/(?\\u003caddress\\u003e[^/]+?)(?:/)?$\"},{\"check\":true,\"dest\":\"/__NEXT_API_LAMBDA_0\",\"headers\":{\"x-nextjs-page\":\"/api/threads/user/[address]\"},\"src\":\"^/api/threads/user/\\\\[address\\\\]/?$\"},{\"check\":true,\"dest\":\"/api/threads/[threadIds]?threadIds=$threadIds\",\"src\":\"^/api/threads/(?\\u003cthreadIds\\u003e[^/]+?)(?:/)?$\"},{\"check\":true,\"dest\":\"/__NEXT_API_LAMBDA_0\",\"headers\":{\"x-nextjs-page\":\"/api/threads/[threadIds]\"},\"src\":\"^/api/threads/\\\\[threadIds\\\\]/?$\"},{\"check\":true,\"dest\":\"/embed/c/[commentId]?commentId=$commentId\",\"src\":\"^/embed/c/(?\\u003ccommentId\\u003e[^/]+?)(?:/)?$\"},{\"check\":true,\"dest\":\"/__NEXT_PAGE_LAMBDA_0\",\"headers\":{\"x-nextjs-page\":\"/embed/c/[commentId]\"},\"src\":\"^/embed/c/\\\\[commentId\\\\]/?$\"},{\"check\":true,\"dest\":\"/i/[threadId]?threadId=$threadId\",\"src\":\"^/i/(?\\u003cthreadId\\u003e[^/]+?)(?:/)?$\"},{\"check\":true,\"dest\":\"/site/[siteUrlEncoded]?siteUrlEncoded=$siteUrlEncoded\",\"src\":\"^/site/(?\\u003csiteUrlEncoded\\u003e[^/]+?)(?:/)?$\"},{\"check\":true,\"dest\":\"/__NEXT_PAGE_LAMBDA_0\",\"headers\":{\"x-nextjs-page\":\"/site/[siteUrlEncoded]\"},\"src\":\"^/site/\\\\[siteUrlEncoded\\\\]/?$\"},{\"check\":true,\"dest\":\"/thread/[threadId]?threadId=$threadId\",\"src\":\"^/thread/(?\\u003cthreadId\\u003e[^/]+?)(?:/)?$\"},{\"check\":true,\"dest\":\"/__NEXT_PAGE_LAMBDA_0\",\"headers\":{\"x-nextjs-page\":\"/thread/[threadId]\"},\"src\":\"^/thread/\\\\[threadId\\\\]/?$\"},{\"handle\":\"hit\"},{\"handle\":\"error\"},{\"dest\":\"/404\",\"src\":\"/.*\",\"status\":404}],\"staticRoutes\":[\"/404\",\"/500\",\"/card.glb\",\"/combined.glb\",\"/Dockerfile\",\"/favicon.ico\",\"/fonts/GTWalsheimPro-Bold.woff2\",\"/fonts/GTWalsheimPro-Medium.woff2\",\"/fonts/GTWalsheimPro-Regular.woff2\",\"/fonts/Montserrat-Bold.ttf\",\"/fonts/Montserrat-Bold.woff2\",\"/fonts/Montserrat-Medium.ttf\",\"/fonts/Montserrat-Medium.woff2\",\"/fonts/Montserrat-Regular.ttf\",\"/fonts/Montserrat-Regular.woff2\",\"/gitcoindata.json\",\"/icons.js\",\"/icons/favicon.svg\",\"/icons/icon-192x192.png\",\"/icons/icon-256x256.png\",\"/icons/icon-384x384.png\",\"/icons/icon-512x512-mask.png\",\"/icons/icon-512x512.png\",\"/icons/icon.svg\",\"/icons/logo.png\",\"/images/aave.webp\",\"/images/arcx.webp\",\"/images/asyncart.webp\",\"/images/boardroom.webp\",\"/images/brightid.webp\",\"/images/celo.webp\",\"/images/coinvise.webp\",\"/images/context.webp\",\"/images/coordinape.webp\",\"/images/cyberconnect.webp\",\"/images/dapplist.webp\",\"/images/dashboard.PNG\",\"/images/deepdao.webp\",\"/images/ens.webp\",\"/images/etherscan.webp\",\"/images/forta.webp\",\"/images/foundation.webp\",\"/images/gitcoin.webp\",\"/images/gradient.webp\",\"/images/hiveone.webp\",\"/images/idena.webp\",\"/images/idx.webp\",\"/images/knownorigin.webp\",\"/images/lens.webp\",\"/images/logo.png\",\"/images/metagame.webp\",\"/images/mew.webp\",\"/images/mirror.webp\",\"/images/patterns.webp\",\"/images/poh.webp\",\"/images/polygon.webp\",\"/images/pop.webp\",\"/images/poster.webp\",\"/images/projectgalaxy.webp\",\"/images/rabbithole.webp\",\"/images/rarible.webp\",\"/images/rss3.webp\",\"/images/showtime.webp\",\"/images/superrare.webp\",\"/images/sybil.webp\",\"/images/unstoppable.webp\",\"/images/usingconvo/coinvise.webp\",\"/images/usingconvo/huddln.webp\",\"/images/usingconvo/huddlnposter.webp\",\"/images/v2/darkbg.png\",\"/images/v2/lightbg.png\",\"/images/v2/logo-full.png\",\"/images/v2/logo.png\",\"/images/v2/logoFull.png\",\"/images/v2/sq.png\",\"/images/zora.webp\",\"/manifest.json\",\"/one.glb\",\"/open-search.xml\",\"/pitchdeck.pdf\",\"/robots.txt\",\"/sitemap-0.xml\",\"/sitemap.xml\",\"/sw.js\",\"/workbox-5afaf374.js\",\"/zoomverify/verifyzoom.html\",\"/dashboard\",\"/dashboard/data\",\"/dashboard/developer\",\"/dashboard/messages\",\"/dashboard/omnid\",\"/embed/dt\",\"/explore\",\"/i/[threadId]\",\"/index\",\"/privacy-policy\",\"/stats\"]}",
            "content_base64": null,
            "content_disposition": "",
            "content_encoding": "",
            "content_language": "",
            "content_type": "application/json",
            "etag": "82c5c8e6368a1f0af7567321ba0aa672",
            "force_destroy": false,
            "id": "proxy-config.json",
            "key": "proxy-config.json",
            "kms_key_id": null,
            "metadata": {},
            "object_lock_legal_hold_status": "",
            "object_lock_mode": "",
            "object_lock_retain_until_date": "",
            "server_side_encryption": "",
            "source": null,
            "source_hash": null,
            "storage_class": "STANDARD",
            "tags": {},
            "tags_all": {},
            "version_id": "",
            "website_redirect": ""
          },
          "sensitive_attributes": [],
          "private": "bnVsbA==",
          "dependencies": [
            "module.tf_next.module.proxy_config.aws_s3_bucket.proxy_config_store"
          ]
        }
      ]
    },
    {
      "module": "module.tf_next.module.statics_deploy",
      "mode": "data",
      "type": "aws_iam_policy_document",
      "name": "access_sqs_queue",
      "provider": "provider[\"registry.terraform.io/hashicorp/aws\"]",
      "instances": [
        {
          "schema_version": 0,
          "attributes": {
            "id": "3377169022",
            "json": "{\n  \"Version\": \"2012-10-17\",\n  \"Statement\": [\n    {\n      \"Sid\": \"\",\n      \"Effect\": \"Allow\",\n      \"Action\": [\n        \"sqs:SendMessage\",\n        \"sqs:ReceiveMessage\",\n        \"sqs:GetQueueUrl\",\n        \"sqs:GetQueueAttributes\",\n        \"sqs:DeleteMessage\",\n        \"sqs:ChangeMessageVisibility\"\n      ],\n      \"Resource\": \"arn:aws:sqs:us-east-1:435287689194:tf-next20220422053721339500000006\"\n    }\n  ]\n}",
            "override_json": null,
            "override_policy_documents": null,
            "policy_id": null,
            "source_json": null,
            "source_policy_documents": null,
            "statement": [
              {
                "actions": [
                  "sqs:ChangeMessageVisibility",
                  "sqs:DeleteMessage",
                  "sqs:GetQueueAttributes",
                  "sqs:GetQueueUrl",
                  "sqs:ReceiveMessage",
                  "sqs:SendMessage"
                ],
                "condition": [],
                "effect": "Allow",
                "not_actions": [],
                "not_principals": [],
                "not_resources": [],
                "principals": [],
                "resources": [
                  "arn:aws:sqs:us-east-1:435287689194:tf-next20220422053721339500000006"
                ],
                "sid": ""
              }
            ],
            "version": "2012-10-17"
          },
          "sensitive_attributes": []
        }
      ]
    },
    {
      "module": "module.tf_next.module.statics_deploy",
      "mode": "data",
      "type": "aws_iam_policy_document",
      "name": "access_static_deploy",
      "provider": "provider[\"registry.terraform.io/hashicorp/aws\"]",
      "instances": [
        {
          "schema_version": 0,
          "attributes": {
            "id": "1287716070",
            "json": "{\n  \"Version\": \"2012-10-17\",\n  \"Statement\": [\n    {\n      \"Sid\": \"\",\n      \"Effect\": \"Allow\",\n      \"Action\": [\n        \"s3:PutObjectTagging\",\n        \"s3:PutObject\",\n        \"s3:ListBucket\",\n        \"s3:GetObjectTagging\",\n        \"s3:GetObject\",\n        \"s3:DeleteObject\"\n      ],\n      \"Resource\": [\n        \"arn:aws:s3:::tf-next-tfn-static20220422053723594600000008/*\",\n        \"arn:aws:s3:::tf-next-tfn-static20220422053723594600000008\"\n      ]\n    },\n    {\n      \"Sid\": \"\",\n      \"Effect\": \"Allow\",\n      \"Action\": \"cloudfront:CreateInvalidation\",\n      \"Resource\": \"arn:aws:cloudfront::435287689194:distribution/E1G947X97S1WD5\"\n    }\n  ]\n}",
            "override_json": null,
            "override_policy_documents": null,
            "policy_id": null,
            "source_json": null,
            "source_policy_documents": null,
            "statement": [
              {
                "actions": [
                  "s3:DeleteObject",
                  "s3:GetObject",
                  "s3:GetObjectTagging",
                  "s3:ListBucket",
                  "s3:PutObject",
                  "s3:PutObjectTagging"
                ],
                "condition": [],
                "effect": "Allow",
                "not_actions": [],
                "not_principals": [],
                "not_resources": [],
                "principals": [],
                "resources": [
                  "arn:aws:s3:::tf-next-tfn-static20220422053723594600000008",
                  "arn:aws:s3:::tf-next-tfn-static20220422053723594600000008/*"
                ],
                "sid": ""
              },
              {
                "actions": [
                  "cloudfront:CreateInvalidation"
                ],
                "condition": [],
                "effect": "Allow",
                "not_actions": [],
                "not_principals": [],
                "not_resources": [],
                "principals": [],
                "resources": [
                  "arn:aws:cloudfront::435287689194:distribution/E1G947X97S1WD5"
                ],
                "sid": ""
              }
            ],
            "version": "2012-10-17"
          },
          "sensitive_attributes": []
        }
      ]
    },
    {
      "module": "module.tf_next.module.statics_deploy",
      "mode": "data",
      "type": "aws_iam_policy_document",
      "name": "access_static_upload",
      "provider": "provider[\"registry.terraform.io/hashicorp/aws\"]",
      "instances": [
        {
          "schema_version": 0,
          "attributes": {
            "id": "1596466143",
            "json": "{\n  \"Version\": \"2012-10-17\",\n  \"Statement\": [\n    {\n      \"Sid\": \"\",\n      \"Effect\": \"Allow\",\n      \"Action\": [\n        \"s3:GetObjectVersion\",\n        \"s3:GetObject\",\n        \"s3:DeleteObjectVersion\",\n        \"s3:DeleteObject\"\n      ],\n      \"Resource\": \"arn:aws:s3:::tf-next-tfn-deploy20220422053721075500000003/*\"\n    }\n  ]\n}",
            "override_json": null,
            "override_policy_documents": null,
            "policy_id": null,
            "source_json": null,
            "source_policy_documents": null,
            "statement": [
              {
                "actions": [
                  "s3:DeleteObject",
                  "s3:DeleteObjectVersion",
                  "s3:GetObject",
                  "s3:GetObjectVersion"
                ],
                "condition": [],
                "effect": "Allow",
                "not_actions": [],
                "not_principals": [],
                "not_resources": [],
                "principals": [],
                "resources": [
                  "arn:aws:s3:::tf-next-tfn-deploy20220422053721075500000003/*"
                ],
                "sid": ""
              }
            ],
            "version": "2012-10-17"
          },
          "sensitive_attributes": []
        }
      ]
    },
    {
      "module": "module.tf_next.module.statics_deploy",
      "mode": "data",
      "type": "aws_iam_policy_document",
      "name": "cf_access",
      "provider": "provider[\"registry.terraform.io/hashicorp/aws\"]",
      "instances": [
        {
          "schema_version": 0,
          "attributes": {
            "id": "2674328290",
            "json": "{\n  \"Version\": \"2012-10-17\",\n  \"Statement\": [\n    {\n      \"Sid\": \"\",\n      \"Effect\": \"Allow\",\n      \"Action\": \"s3:GetObject\",\n      \"Resource\": \"arn:aws:s3:::tf-next-tfn-static20220422053723594600000008/*\",\n      \"Principal\": {\n        \"AWS\": \"arn:aws:iam::cloudfront:user/CloudFront Origin Access Identity E3RZ8BNY8GWO4C\"\n      }\n    },\n    {\n      \"Sid\": \"\",\n      \"Effect\": \"Deny\",\n      \"Action\": \"s3:GetObject\",\n      \"Resource\": \"arn:aws:s3:::tf-next-tfn-static20220422053723594600000008/_tf-next/deployment.json\",\n      \"Principal\": {\n        \"AWS\": \"arn:aws:iam::cloudfront:user/CloudFront Origin Access Identity E3RZ8BNY8GWO4C\"\n      }\n    }\n  ]\n}",
            "override_json": null,
            "override_policy_documents": null,
            "policy_id": null,
            "source_json": null,
            "source_policy_documents": null,
            "statement": [
              {
                "actions": [
                  "s3:GetObject"
                ],
                "condition": [],
                "effect": "Allow",
                "not_actions": [],
                "not_principals": [],
                "not_resources": [],
                "principals": [
                  {
                    "identifiers": [
                      "arn:aws:iam::cloudfront:user/CloudFront Origin Access Identity E3RZ8BNY8GWO4C"
                    ],
                    "type": "AWS"
                  }
                ],
                "resources": [
                  "arn:aws:s3:::tf-next-tfn-static20220422053723594600000008/*"
                ],
                "sid": ""
              },
              {
                "actions": [
                  "s3:GetObject"
                ],
                "condition": [],
                "effect": "Deny",
                "not_actions": [],
                "not_principals": [],
                "not_resources": [],
                "principals": [
                  {
                    "identifiers": [
                      "arn:aws:iam::cloudfront:user/CloudFront Origin Access Identity E3RZ8BNY8GWO4C"
                    ],
                    "type": "AWS"
                  }
                ],
                "resources": [
                  "arn:aws:s3:::tf-next-tfn-static20220422053723594600000008/_tf-next/deployment.json"
                ],
                "sid": ""
              }
            ],
            "version": "2012-10-17"
          },
          "sensitive_attributes": []
        }
      ]
    },
    {
      "module": "module.tf_next.module.statics_deploy",
      "mode": "data",
      "type": "aws_iam_policy_document",
      "name": "sqs_queue",
      "provider": "provider[\"registry.terraform.io/hashicorp/aws\"]",
      "instances": [
        {
          "schema_version": 0,
          "attributes": {
            "id": "2377449256",
            "json": "{\n  \"Version\": \"2012-10-17\",\n  \"Statement\": [\n    {\n      \"Sid\": \"\",\n      \"Effect\": \"Allow\",\n      \"Action\": \"sqs:SendMessage\",\n      \"Resource\": \"arn:aws:lambda:us-east-1:435287689194:function:tf-next_tfn-deploy\",\n      \"Principal\": {\n        \"AWS\": \"*\"\n      },\n      \"Condition\": {\n        \"ArnEquals\": {\n          \"aws:SourceArn\": [\n            \"arn:aws:sns:us-east-1:435287689194:tf-next20220422053721072400000002\",\n            \"arn:aws:lambda:us-east-1:435287689194:function:tf-next_tfn-deploy\"\n          ]\n        }\n      }\n    }\n  ]\n}",
            "override_json": null,
            "override_policy_documents": null,
            "policy_id": null,
            "source_json": null,
            "source_policy_documents": null,
            "statement": [
              {
                "actions": [
                  "sqs:SendMessage"
                ],
                "condition": [
                  {
                    "test": "ArnEquals",
                    "values": [
                      "arn:aws:sns:us-east-1:435287689194:tf-next20220422053721072400000002",
                      "arn:aws:lambda:us-east-1:435287689194:function:tf-next_tfn-deploy"
                    ],
                    "variable": "aws:SourceArn"
                  }
                ],
                "effect": "Allow",
                "not_actions": [],
                "not_principals": [],
                "not_resources": [],
                "principals": [
                  {
                    "identifiers": [
                      "*"
                    ],
                    "type": "AWS"
                  }
                ],
                "resources": [
                  "arn:aws:lambda:us-east-1:435287689194:function:tf-next_tfn-deploy"
                ],
                "sid": ""
              }
            ],
            "version": "2012-10-17"
          },
          "sensitive_attributes": []
        }
      ]
    },
    {
      "module": "module.tf_next.module.statics_deploy",
      "mode": "managed",
      "type": "aws_cloudfront_origin_access_identity",
      "name": "this",
      "provider": "provider[\"registry.terraform.io/hashicorp/aws\"]",
      "instances": [
        {
          "schema_version": 0,
          "attributes": {
            "caller_reference": "terraform-2022042205372972830000000f",
            "cloudfront_access_identity_path": "origin-access-identity/cloudfront/E3RZ8BNY8GWO4C",
            "comment": "S3 CloudFront access tf-next-tfn-static20220422053723594600000008",
            "etag": "E3JCBLOORIQUXT",
            "iam_arn": "arn:aws:iam::cloudfront:user/CloudFront Origin Access Identity E3RZ8BNY8GWO4C",
            "id": "E3RZ8BNY8GWO4C",
            "s3_canonical_user_id": "eaa182b49a7af849f3fa35cb7521119cc0e2a6d5db2dff6798847c5010b4b87b11edfeaf4c3ac2f0c5838fc4f7d9e111"
          },
          "sensitive_attributes": [],
          "private": "bnVsbA==",
          "dependencies": [
            "module.tf_next.module.statics_deploy.aws_s3_bucket.static_deploy"
          ]
        }
      ]
    },
    {
      "module": "module.tf_next.module.statics_deploy",
      "mode": "managed",
      "type": "aws_s3_bucket",
      "name": "static_deploy",
      "provider": "provider[\"registry.terraform.io/hashicorp/aws\"]",
      "instances": [
        {
          "schema_version": 0,
          "attributes": {
            "acceleration_status": "",
            "acl": null,
            "arn": "arn:aws:s3:::tf-next-tfn-static20220422053723594600000008",
            "bucket": "tf-next-tfn-static20220422053723594600000008",
            "bucket_domain_name": "tf-next-tfn-static20220422053723594600000008.s3.amazonaws.com",
            "bucket_prefix": "tf-next-tfn-static",
            "bucket_regional_domain_name": "tf-next-tfn-static20220422053723594600000008.s3.amazonaws.com",
            "cors_rule": [],
            "force_destroy": true,
            "grant": [
              {
                "id": "9b7b3418a13e4b06fa71974f423ec1dc8adbe29a5a183b5119e34ebb27efb21f",
                "permissions": [
                  "FULL_CONTROL"
                ],
                "type": "CanonicalUser",
                "uri": ""
              }
            ],
            "hosted_zone_id": "Z3AQBSTGFYJSTF",
            "id": "tf-next-tfn-static20220422053723594600000008",
            "lifecycle_rule": [
              {
                "abort_incomplete_multipart_upload_days": 0,
                "enabled": true,
                "expiration": [
                  {
                    "date": "",
                    "days": 30,
                    "expired_object_delete_marker": false
                  }
                ],
                "id": "Expire static assets",
                "noncurrent_version_expiration": [],
                "noncurrent_version_transition": [],
                "prefix": "",
                "tags": {
                  "tfnextExpire": "true"
                },
                "transition": []
              }
            ],
            "logging": [],
            "object_lock_configuration": [],
            "object_lock_enabled": false,
            "policy": "{\"Version\":\"2012-10-17\",\"Statement\":[{\"Sid\":\"\",\"Effect\":\"Allow\",\"Principal\":{\"AWS\":\"arn:aws:iam::cloudfront:user/CloudFront Origin Access Identity E3RZ8BNY8GWO4C\"},\"Action\":\"s3:GetObject\",\"Resource\":\"arn:aws:s3:::tf-next-tfn-static20220422053723594600000008/*\"},{\"Sid\":\"\",\"Effect\":\"Deny\",\"Principal\":{\"AWS\":\"arn:aws:iam::cloudfront:user/CloudFront Origin Access Identity E3RZ8BNY8GWO4C\"},\"Action\":\"s3:GetObject\",\"Resource\":\"arn:aws:s3:::tf-next-tfn-static20220422053723594600000008/_tf-next/deployment.json\"}]}",
            "region": "us-east-1",
            "replication_configuration": [],
            "request_payer": "BucketOwner",
            "server_side_encryption_configuration": [],
            "tags": {},
            "tags_all": {},
            "versioning": [
              {
                "enabled": false,
                "mfa_delete": false
              }
            ],
            "website": [],
            "website_domain": null,
            "website_endpoint": null
          },
          "sensitive_attributes": [],
          "private": "bnVsbA=="
        }
      ]
    },
    {
      "module": "module.tf_next.module.statics_deploy",
      "mode": "managed",
      "type": "aws_s3_bucket",
      "name": "static_upload",
      "provider": "provider[\"registry.terraform.io/hashicorp/aws\"]",
      "instances": [
        {
          "schema_version": 0,
          "attributes": {
            "acceleration_status": "",
            "acl": null,
            "arn": "arn:aws:s3:::tf-next-tfn-deploy20220422053721075500000003",
            "bucket": "tf-next-tfn-deploy20220422053721075500000003",
            "bucket_domain_name": "tf-next-tfn-deploy20220422053721075500000003.s3.amazonaws.com",
            "bucket_prefix": "tf-next-tfn-deploy",
            "bucket_regional_domain_name": "tf-next-tfn-deploy20220422053721075500000003.s3.amazonaws.com",
            "cors_rule": [],
            "force_destroy": true,
            "grant": [
              {
                "id": "9b7b3418a13e4b06fa71974f423ec1dc8adbe29a5a183b5119e34ebb27efb21f",
                "permissions": [
                  "FULL_CONTROL"
                ],
                "type": "CanonicalUser",
                "uri": ""
              }
            ],
            "hosted_zone_id": "Z3AQBSTGFYJSTF",
            "id": "tf-next-tfn-deploy20220422053721075500000003",
            "lifecycle_rule": [],
            "logging": [],
            "object_lock_configuration": [],
            "object_lock_enabled": false,
            "policy": "",
            "region": "us-east-1",
            "replication_configuration": [],
            "request_payer": "BucketOwner",
            "server_side_encryption_configuration": [],
            "tags": {},
            "tags_all": {},
            "versioning": [
              {
                "enabled": true,
                "mfa_delete": false
              }
            ],
            "website": [],
            "website_domain": null,
            "website_endpoint": null
          },
          "sensitive_attributes": [],
          "private": "bnVsbA=="
        }
      ]
    },
    {
      "module": "module.tf_next.module.statics_deploy",
      "mode": "managed",
      "type": "aws_s3_bucket_acl",
      "name": "static_deploy",
      "provider": "provider[\"registry.terraform.io/hashicorp/aws\"]",
      "instances": [
        {
          "schema_version": 0,
          "attributes": {
            "access_control_policy": [
              {
                "grant": [
                  {
                    "grantee": [
                      {
                        "display_name": "nagaranudit",
                        "email_address": "",
                        "id": "9b7b3418a13e4b06fa71974f423ec1dc8adbe29a5a183b5119e34ebb27efb21f",
                        "type": "CanonicalUser",
                        "uri": ""
                      }
                    ],
                    "permission": "FULL_CONTROL"
                  }
                ],
                "owner": [
                  {
                    "display_name": "nagaranudit",
                    "id": "9b7b3418a13e4b06fa71974f423ec1dc8adbe29a5a183b5119e34ebb27efb21f"
                  }
                ]
              }
            ],
            "acl": "private",
            "bucket": "tf-next-tfn-static20220422053723594600000008",
            "expected_bucket_owner": "",
            "id": "tf-next-tfn-static20220422053723594600000008,private"
          },
          "sensitive_attributes": [],
          "private": "bnVsbA==",
          "dependencies": [
            "module.tf_next.module.statics_deploy.aws_s3_bucket.static_deploy"
          ]
        }
      ]
    },
    {
      "module": "module.tf_next.module.statics_deploy",
      "mode": "managed",
      "type": "aws_s3_bucket_acl",
      "name": "static_upload",
      "provider": "provider[\"registry.terraform.io/hashicorp/aws\"]",
      "instances": [
        {
          "schema_version": 0,
          "attributes": {
            "access_control_policy": [
              {
                "grant": [
                  {
                    "grantee": [
                      {
                        "display_name": "nagaranudit",
                        "email_address": "",
                        "id": "9b7b3418a13e4b06fa71974f423ec1dc8adbe29a5a183b5119e34ebb27efb21f",
                        "type": "CanonicalUser",
                        "uri": ""
                      }
                    ],
                    "permission": "FULL_CONTROL"
                  }
                ],
                "owner": [
                  {
                    "display_name": "nagaranudit",
                    "id": "9b7b3418a13e4b06fa71974f423ec1dc8adbe29a5a183b5119e34ebb27efb21f"
                  }
                ]
              }
            ],
            "acl": "private",
            "bucket": "tf-next-tfn-deploy20220422053721075500000003",
            "expected_bucket_owner": "",
            "id": "tf-next-tfn-deploy20220422053721075500000003,private"
          },
          "sensitive_attributes": [],
          "private": "bnVsbA==",
          "dependencies": [
            "module.tf_next.module.statics_deploy.aws_s3_bucket.static_upload"
          ]
        }
      ]
    },
    {
      "module": "module.tf_next.module.statics_deploy",
      "mode": "managed",
      "type": "aws_s3_bucket_lifecycle_configuration",
      "name": "static_deploy",
      "provider": "provider[\"registry.terraform.io/hashicorp/aws\"]",
      "instances": [
        {
          "schema_version": 0,
          "attributes": {
            "bucket": "tf-next-tfn-static20220422053723594600000008",
            "expected_bucket_owner": "",
            "id": "tf-next-tfn-static20220422053723594600000008",
            "rule": [
              {
                "abort_incomplete_multipart_upload": [],
                "expiration": [
                  {
                    "date": "",
                    "days": 30,
                    "expired_object_delete_marker": false
                  }
                ],
                "filter": [
                  {
                    "and": [],
                    "object_size_greater_than": "",
                    "object_size_less_than": "",
                    "prefix": "",
                    "tag": [
                      {
                        "key": "tfnextExpire",
                        "value": "true"
                      }
                    ]
                  }
                ],
                "id": "Expire static assets",
                "noncurrent_version_expiration": [],
                "noncurrent_version_transition": [],
                "prefix": "",
                "status": "Enabled",
                "transition": []
              }
            ]
          },
          "sensitive_attributes": [],
          "private": "bnVsbA==",
          "dependencies": [
            "module.tf_next.module.statics_deploy.aws_s3_bucket.static_deploy"
          ]
        }
      ]
    },
    {
      "module": "module.tf_next.module.statics_deploy",
      "mode": "managed",
      "type": "aws_s3_bucket_policy",
      "name": "origin_access",
      "provider": "provider[\"registry.terraform.io/hashicorp/aws\"]",
      "instances": [
        {
          "schema_version": 0,
          "attributes": {
            "bucket": "tf-next-tfn-static20220422053723594600000008",
            "id": "tf-next-tfn-static20220422053723594600000008",
            "policy": "{\"Statement\":[{\"Action\":\"s3:GetObject\",\"Effect\":\"Allow\",\"Principal\":{\"AWS\":\"arn:aws:iam::cloudfront:user/CloudFront Origin Access Identity E3RZ8BNY8GWO4C\"},\"Resource\":\"arn:aws:s3:::tf-next-tfn-static20220422053723594600000008/*\",\"Sid\":\"\"},{\"Action\":\"s3:GetObject\",\"Effect\":\"Deny\",\"Principal\":{\"AWS\":\"arn:aws:iam::cloudfront:user/CloudFront Origin Access Identity E3RZ8BNY8GWO4C\"},\"Resource\":\"arn:aws:s3:::tf-next-tfn-static20220422053723594600000008/_tf-next/deployment.json\",\"Sid\":\"\"}],\"Version\":\"2012-10-17\"}"
          },
          "sensitive_attributes": [],
          "private": "bnVsbA==",
          "dependencies": [
            "module.tf_next.module.statics_deploy.aws_cloudfront_origin_access_identity.this",
            "module.tf_next.module.statics_deploy.aws_s3_bucket.static_deploy",
            "module.tf_next.module.statics_deploy.data.aws_iam_policy_document.cf_access"
          ]
        }
      ]
    },
    {
      "module": "module.tf_next.module.statics_deploy",
      "mode": "managed",
      "type": "aws_s3_bucket_versioning",
      "name": "static_upload",
      "provider": "provider[\"registry.terraform.io/hashicorp/aws\"]",
      "instances": [
        {
          "schema_version": 0,
          "attributes": {
            "bucket": "tf-next-tfn-deploy20220422053721075500000003",
            "expected_bucket_owner": "",
            "id": "tf-next-tfn-deploy20220422053721075500000003",
            "mfa": null,
            "versioning_configuration": [
              {
                "mfa_delete": "",
                "status": "Enabled"
              }
            ]
          },
          "sensitive_attributes": [],
          "private": "bnVsbA==",
          "dependencies": [
            "module.tf_next.module.statics_deploy.aws_s3_bucket.static_upload"
          ]
        }
      ]
    },
    {
      "module": "module.tf_next.module.statics_deploy",
      "mode": "managed",
      "type": "aws_sns_topic",
      "name": "this",
      "provider": "provider[\"registry.terraform.io/hashicorp/aws\"]",
      "instances": [
        {
          "schema_version": 0,
          "attributes": {
            "application_failure_feedback_role_arn": "",
            "application_success_feedback_role_arn": "",
            "application_success_feedback_sample_rate": 0,
            "arn": "arn:aws:sns:us-east-1:435287689194:tf-next20220422053721072400000002",
            "content_based_deduplication": false,
            "delivery_policy": "",
            "display_name": "",
            "fifo_topic": false,
            "firehose_failure_feedback_role_arn": "",
            "firehose_success_feedback_role_arn": "",
            "firehose_success_feedback_sample_rate": 0,
            "http_failure_feedback_role_arn": "",
            "http_success_feedback_role_arn": "",
            "http_success_feedback_sample_rate": 0,
            "id": "arn:aws:sns:us-east-1:435287689194:tf-next20220422053721072400000002",
            "kms_master_key_id": "",
            "lambda_failure_feedback_role_arn": "",
            "lambda_success_feedback_role_arn": "",
            "lambda_success_feedback_sample_rate": 0,
            "name": "tf-next20220422053721072400000002",
            "name_prefix": "tf-next",
            "owner": "435287689194",
            "policy": "{\"Version\":\"2008-10-17\",\"Id\":\"__default_policy_ID\",\"Statement\":[{\"Sid\":\"__default_statement_ID\",\"Effect\":\"Allow\",\"Principal\":{\"AWS\":\"*\"},\"Action\":[\"SNS:GetTopicAttributes\",\"SNS:SetTopicAttributes\",\"SNS:AddPermission\",\"SNS:RemovePermission\",\"SNS:DeleteTopic\",\"SNS:Subscribe\",\"SNS:ListSubscriptionsByTopic\",\"SNS:Publish\"],\"Resource\":\"arn:aws:sns:us-east-1:435287689194:tf-next20220422053721072400000002\",\"Condition\":{\"StringEquals\":{\"AWS:SourceOwner\":\"435287689194\"}}}]}",
            "sqs_failure_feedback_role_arn": "",
            "sqs_success_feedback_role_arn": "",
            "sqs_success_feedback_sample_rate": 0,
            "tags": {},
            "tags_all": {}
          },
          "sensitive_attributes": [],
          "private": "bnVsbA=="
        }
      ]
    },
    {
      "module": "module.tf_next.module.statics_deploy",
      "mode": "managed",
      "type": "aws_sns_topic_subscription",
      "name": "this",
      "provider": "provider[\"registry.terraform.io/hashicorp/aws\"]",
      "instances": [
        {
          "schema_version": 0,
          "attributes": {
            "arn": "arn:aws:sns:us-east-1:435287689194:tf-next20220422053721072400000002:04acf5ed-640d-40bf-bd87-37566568d7bc",
            "confirmation_timeout_in_minutes": 1,
            "confirmation_was_authenticated": true,
            "delivery_policy": "",
            "endpoint": "arn:aws:sqs:us-east-1:435287689194:tf-next20220422053721339500000006",
            "endpoint_auto_confirms": false,
            "filter_policy": "",
            "id": "arn:aws:sns:us-east-1:435287689194:tf-next20220422053721072400000002:04acf5ed-640d-40bf-bd87-37566568d7bc",
            "owner_id": "435287689194",
            "pending_confirmation": false,
            "protocol": "sqs",
            "raw_message_delivery": false,
            "redrive_policy": "",
            "subscription_role_arn": "",
            "topic_arn": "arn:aws:sns:us-east-1:435287689194:tf-next20220422053721072400000002"
          },
          "sensitive_attributes": [],
          "private": "bnVsbA==",
          "dependencies": [
            "module.tf_next.module.statics_deploy.aws_sns_topic.this",
            "module.tf_next.module.statics_deploy.aws_sqs_queue.this"
          ]
        }
      ]
    },
    {
      "module": "module.tf_next.module.statics_deploy",
      "mode": "managed",
      "type": "aws_sqs_queue",
      "name": "this",
      "provider": "provider[\"registry.terraform.io/hashicorp/aws\"]",
      "instances": [
        {
          "schema_version": 0,
          "attributes": {
            "arn": "arn:aws:sqs:us-east-1:435287689194:tf-next20220422053721339500000006",
            "content_based_deduplication": false,
            "deduplication_scope": "",
            "delay_seconds": 0,
            "fifo_queue": false,
            "fifo_throughput_limit": "",
            "id": "https://sqs.us-east-1.amazonaws.com/435287689194/tf-next20220422053721339500000006",
            "kms_data_key_reuse_period_seconds": 300,
            "kms_master_key_id": "",
            "max_message_size": 262144,
            "message_retention_seconds": 86400,
            "name": "tf-next20220422053721339500000006",
            "name_prefix": "tf-next",
            "policy": "",
            "receive_wait_time_seconds": 10,
            "redrive_allow_policy": "",
            "redrive_policy": "",
            "sqs_managed_sse_enabled": false,
            "tags": {},
            "tags_all": {},
            "url": "https://sqs.us-east-1.amazonaws.com/435287689194/tf-next20220422053721339500000006",
            "visibility_timeout_seconds": 360
          },
          "sensitive_attributes": [],
          "private": "bnVsbA=="
        }
      ]
    },
    {
      "module": "module.tf_next.module.statics_deploy",
      "mode": "managed",
      "type": "aws_sqs_queue_policy",
      "name": "this",
      "provider": "provider[\"registry.terraform.io/hashicorp/aws\"]",
      "instances": [
        {
          "schema_version": 1,
          "attributes": {
            "id": "https://sqs.us-east-1.amazonaws.com/435287689194/tf-next20220422053721339500000006",
            "policy": "{\"Statement\":[{\"Action\":\"sqs:SendMessage\",\"Condition\":{\"ArnEquals\":{\"aws:SourceArn\":[\"arn:aws:sns:us-east-1:435287689194:tf-next20220422053721072400000002\",\"arn:aws:lambda:us-east-1:435287689194:function:tf-next_tfn-deploy\"]}},\"Effect\":\"Allow\",\"Principal\":{\"AWS\":\"*\"},\"Resource\":\"arn:aws:lambda:us-east-1:435287689194:function:tf-next_tfn-deploy\",\"Sid\":\"\"}],\"Version\":\"2012-10-17\"}",
            "queue_url": "https://sqs.us-east-1.amazonaws.com/435287689194/tf-next20220422053721339500000006"
          },
          "sensitive_attributes": [],
          "private": "eyJzY2hlbWFfdmVyc2lvbiI6IjEifQ==",
          "dependencies": [
            "module.tf_next.aws_cloudfront_cache_policy.this",
            "module.tf_next.data.aws_cloudfront_cache_policy.managed_caching_optimized",
            "module.tf_next.data.aws_cloudfront_origin_request_policy.managed_all_viewer",
            "module.tf_next.data.aws_cloudfront_origin_request_policy.managed_cors_s3_origin",
            "module.tf_next.module.api_gateway.aws_apigatewayv2_api.this",
            "module.tf_next.module.cloudfront_main.aws_cloudfront_distribution.distribution",
            "module.tf_next.module.next_image.aws_cloudfront_cache_policy.this",
            "module.tf_next.module.next_image.aws_cloudfront_origin_request_policy.this",
            "module.tf_next.module.next_image.data.aws_region.current",
            "module.tf_next.module.next_image.module.api_gateway.aws_apigatewayv2_api.this",
            "module.tf_next.module.proxy.module.edge_proxy.aws_lambda_function.this",
            "module.tf_next.module.proxy_config.aws_cloudfront_distribution.distribution",
            "module.tf_next.module.statics_deploy.aws_cloudfront_origin_access_identity.this",
            "module.tf_next.module.statics_deploy.aws_s3_bucket.static_deploy",
            "module.tf_next.module.statics_deploy.aws_sns_topic.this",
            "module.tf_next.module.statics_deploy.aws_sqs_queue.this",
            "module.tf_next.module.statics_deploy.data.aws_iam_policy_document.sqs_queue",
            "module.tf_next.module.statics_deploy.module.deploy_trigger.aws_cloudwatch_log_group.lambda",
            "module.tf_next.module.statics_deploy.module.deploy_trigger.aws_iam_role.lambda",
            "module.tf_next.module.statics_deploy.module.deploy_trigger.aws_lambda_function.this",
            "module.tf_next.module.statics_deploy.module.deploy_trigger.aws_s3_object.lambda_package",
            "module.tf_next.module.statics_deploy.module.deploy_trigger.data.external.archive_prepare",
            "module.tf_next.module.statics_deploy.module.deploy_trigger.null_resource.archive",
            "module.tf_next.module.statics_deploy.module.lambda_content.data.external.download",
            "module.tf_next.module.statics_deploy.module.lambda_content.data.external.this"
          ]
        }
      ]
    },
    {
      "module": "module.tf_next.module.statics_deploy",
      "mode": "managed",
      "type": "null_resource",
      "name": "static_s3_upload",
      "provider": "provider[\"registry.terraform.io/hashicorp/null\"]",
      "instances": []
    },
    {
      "module": "module.tf_next.module.statics_deploy.module.deploy_trigger",
      "mode": "data",
      "type": "aws_iam_policy_document",
      "name": "assume_role",
      "provider": "provider[\"registry.terraform.io/hashicorp/aws\"]",
      "instances": [
        {
          "index_key": 0,
          "schema_version": 0,
          "attributes": {
            "id": "3693445097",
            "json": "{\n  \"Version\": \"2012-10-17\",\n  \"Statement\": [\n    {\n      \"Sid\": \"\",\n      \"Effect\": \"Allow\",\n      \"Action\": \"sts:AssumeRole\",\n      \"Principal\": {\n        \"Service\": \"lambda.amazonaws.com\"\n      }\n    }\n  ]\n}",
            "override_json": null,
            "override_policy_documents": null,
            "policy_id": null,
            "source_json": null,
            "source_policy_documents": null,
            "statement": [
              {
                "actions": [
                  "sts:AssumeRole"
                ],
                "condition": [],
                "effect": "Allow",
                "not_actions": [],
                "not_principals": [],
                "not_resources": [],
                "principals": [
                  {
                    "identifiers": [
                      "lambda.amazonaws.com"
                    ],
                    "type": "Service"
                  }
                ],
                "resources": [],
                "sid": ""
              }
            ],
            "version": "2012-10-17"
          },
          "sensitive_attributes": []
        }
      ]
    },
    {
      "module": "module.tf_next.module.statics_deploy.module.deploy_trigger",
      "mode": "data",
      "type": "aws_iam_policy_document",
      "name": "logs",
      "provider": "provider[\"registry.terraform.io/hashicorp/aws\"]",
      "instances": [
        {
          "index_key": 0,
          "schema_version": 0,
          "attributes": {
            "id": "1616765851",
            "json": "{\n  \"Version\": \"2012-10-17\",\n  \"Statement\": [\n    {\n      \"Sid\": \"\",\n      \"Effect\": \"Allow\",\n      \"Action\": [\n        \"logs:PutLogEvents\",\n        \"logs:CreateLogStream\",\n        \"logs:CreateLogGroup\"\n      ],\n      \"Resource\": [\n        \"arn:aws:logs:us-east-1:435287689194:log-group:/aws/lambda/tf-next_tfn-deploy:*:*\",\n        \"arn:aws:logs:us-east-1:435287689194:log-group:/aws/lambda/tf-next_tfn-deploy:*\"\n      ]\n    }\n  ]\n}",
            "override_json": null,
            "override_policy_documents": null,
            "policy_id": null,
            "source_json": null,
            "source_policy_documents": null,
            "statement": [
              {
                "actions": [
                  "logs:CreateLogGroup",
                  "logs:CreateLogStream",
                  "logs:PutLogEvents"
                ],
                "condition": [],
                "effect": "Allow",
                "not_actions": [],
                "not_principals": [],
                "not_resources": [],
                "principals": [],
                "resources": [
                  "arn:aws:logs:us-east-1:435287689194:log-group:/aws/lambda/tf-next_tfn-deploy:*",
                  "arn:aws:logs:us-east-1:435287689194:log-group:/aws/lambda/tf-next_tfn-deploy:*:*"
                ],
                "sid": ""
              }
            ],
            "version": "2012-10-17"
          },
          "sensitive_attributes": []
        }
      ]
    },
    {
      "module": "module.tf_next.module.statics_deploy.module.deploy_trigger",
      "mode": "data",
      "type": "aws_partition",
      "name": "current",
      "provider": "provider[\"registry.terraform.io/hashicorp/aws\"]",
      "instances": [
        {
          "schema_version": 0,
          "attributes": {
            "dns_suffix": "amazonaws.com",
            "id": "aws",
            "partition": "aws",
            "reverse_dns_prefix": "com.amazonaws"
          },
          "sensitive_attributes": []
        }
      ]
    },
    {
      "module": "module.tf_next.module.statics_deploy.module.deploy_trigger",
      "mode": "managed",
      "type": "aws_cloudwatch_log_group",
      "name": "lambda",
      "provider": "provider[\"registry.terraform.io/hashicorp/aws\"]",
      "instances": [
        {
          "index_key": 0,
          "schema_version": 0,
          "attributes": {
            "arn": "arn:aws:logs:us-east-1:435287689194:log-group:/aws/lambda/tf-next_tfn-deploy",
            "id": "/aws/lambda/tf-next_tfn-deploy",
            "kms_key_id": "",
            "name": "/aws/lambda/tf-next_tfn-deploy",
            "name_prefix": null,
            "retention_in_days": 14,
            "tags": {},
            "tags_all": {}
          },
          "sensitive_attributes": [],
          "private": "bnVsbA=="
        }
      ]
    },
    {
      "module": "module.tf_next.module.statics_deploy.module.deploy_trigger",
      "mode": "managed",
      "type": "aws_iam_policy",
      "name": "additional_jsons",
      "provider": "provider[\"registry.terraform.io/hashicorp/aws\"]",
      "instances": [
        {
          "index_key": 0,
          "schema_version": 0,
          "attributes": {
            "arn": "arn:aws:iam::435287689194:policy/tf-next_tfn-deploy-0",
            "description": "",
            "id": "arn:aws:iam::435287689194:policy/tf-next_tfn-deploy-0",
            "name": "tf-next_tfn-deploy-0",
            "name_prefix": null,
            "path": "/",
            "policy": "{\"Statement\":[{\"Action\":[\"s3:PutObjectTagging\",\"s3:PutObject\",\"s3:ListBucket\",\"s3:GetObjectTagging\",\"s3:GetObject\",\"s3:DeleteObject\"],\"Effect\":\"Allow\",\"Resource\":[\"arn:aws:s3:::tf-next-tfn-static20220422053723594600000008/*\",\"arn:aws:s3:::tf-next-tfn-static20220422053723594600000008\"],\"Sid\":\"\"},{\"Action\":\"cloudfront:CreateInvalidation\",\"Effect\":\"Allow\",\"Resource\":\"arn:aws:cloudfront::435287689194:distribution/E1G947X97S1WD5\",\"Sid\":\"\"}],\"Version\":\"2012-10-17\"}",
            "policy_id": "ANPAWKWJLA7VAGBSA56AF",
            "tags": null,
            "tags_all": {}
          },
          "sensitive_attributes": [],
          "private": "bnVsbA==",
          "dependencies": [
            "module.tf_next.aws_cloudfront_cache_policy.this",
            "module.tf_next.data.aws_cloudfront_cache_policy.managed_caching_optimized",
            "module.tf_next.data.aws_cloudfront_origin_request_policy.managed_all_viewer",
            "module.tf_next.data.aws_cloudfront_origin_request_policy.managed_cors_s3_origin",
            "module.tf_next.module.api_gateway.aws_apigatewayv2_api.this",
            "module.tf_next.module.cloudfront_main.aws_cloudfront_distribution.distribution",
            "module.tf_next.module.next_image.aws_cloudfront_cache_policy.this",
            "module.tf_next.module.next_image.aws_cloudfront_origin_request_policy.this",
            "module.tf_next.module.next_image.data.aws_region.current",
            "module.tf_next.module.next_image.module.api_gateway.aws_apigatewayv2_api.this",
            "module.tf_next.module.proxy.module.edge_proxy.aws_lambda_function.this",
            "module.tf_next.module.proxy_config.aws_cloudfront_distribution.distribution",
            "module.tf_next.module.statics_deploy.aws_cloudfront_origin_access_identity.this",
            "module.tf_next.module.statics_deploy.aws_s3_bucket.static_deploy",
            "module.tf_next.module.statics_deploy.data.aws_iam_policy_document.access_sqs_queue",
            "module.tf_next.module.statics_deploy.data.aws_iam_policy_document.access_static_deploy",
            "module.tf_next.module.statics_deploy.data.aws_iam_policy_document.access_static_upload"
          ]
        },
        {
          "index_key": 1,
          "schema_version": 0,
          "attributes": {
            "arn": "arn:aws:iam::435287689194:policy/tf-next_tfn-deploy-1",
            "description": "",
            "id": "arn:aws:iam::435287689194:policy/tf-next_tfn-deploy-1",
            "name": "tf-next_tfn-deploy-1",
            "name_prefix": null,
            "path": "/",
            "policy": "{\"Statement\":[{\"Action\":[\"s3:GetObjectVersion\",\"s3:GetObject\",\"s3:DeleteObjectVersion\",\"s3:DeleteObject\"],\"Effect\":\"Allow\",\"Resource\":\"arn:aws:s3:::tf-next-tfn-deploy20220422053721075500000003/*\",\"Sid\":\"\"}],\"Version\":\"2012-10-17\"}",
            "policy_id": "ANPAWKWJLA7VEZIEG7PL7",
            "tags": null,
            "tags_all": {}
          },
          "sensitive_attributes": [],
          "private": "bnVsbA==",
          "dependencies": [
            "module.tf_next.aws_cloudfront_cache_policy.this",
            "module.tf_next.data.aws_cloudfront_cache_policy.managed_caching_optimized",
            "module.tf_next.data.aws_cloudfront_origin_request_policy.managed_all_viewer",
            "module.tf_next.data.aws_cloudfront_origin_request_policy.managed_cors_s3_origin",
            "module.tf_next.module.api_gateway.aws_apigatewayv2_api.this",
            "module.tf_next.module.cloudfront_main.aws_cloudfront_distribution.distribution",
            "module.tf_next.module.next_image.aws_cloudfront_cache_policy.this",
            "module.tf_next.module.next_image.aws_cloudfront_origin_request_policy.this",
            "module.tf_next.module.next_image.data.aws_region.current",
            "module.tf_next.module.next_image.module.api_gateway.aws_apigatewayv2_api.this",
            "module.tf_next.module.proxy.module.edge_proxy.aws_lambda_function.this",
            "module.tf_next.module.proxy_config.aws_cloudfront_distribution.distribution",
            "module.tf_next.module.statics_deploy.aws_cloudfront_origin_access_identity.this",
            "module.tf_next.module.statics_deploy.aws_s3_bucket.static_deploy",
            "module.tf_next.module.statics_deploy.data.aws_iam_policy_document.access_sqs_queue",
            "module.tf_next.module.statics_deploy.data.aws_iam_policy_document.access_static_deploy",
            "module.tf_next.module.statics_deploy.data.aws_iam_policy_document.access_static_upload"
          ]
        },
        {
          "index_key": 2,
          "schema_version": 0,
          "attributes": {
            "arn": "arn:aws:iam::435287689194:policy/tf-next_tfn-deploy-2",
            "description": "",
            "id": "arn:aws:iam::435287689194:policy/tf-next_tfn-deploy-2",
            "name": "tf-next_tfn-deploy-2",
            "name_prefix": null,
            "path": "/",
            "policy": "{\"Statement\":[{\"Action\":[\"sqs:SendMessage\",\"sqs:ReceiveMessage\",\"sqs:GetQueueUrl\",\"sqs:GetQueueAttributes\",\"sqs:DeleteMessage\",\"sqs:ChangeMessageVisibility\"],\"Effect\":\"Allow\",\"Resource\":\"arn:aws:sqs:us-east-1:435287689194:tf-next20220422053721339500000006\",\"Sid\":\"\"}],\"Version\":\"2012-10-17\"}",
            "policy_id": "ANPAWKWJLA7VHIQZGKQKQ",
            "tags": null,
            "tags_all": {}
          },
          "sensitive_attributes": [],
          "private": "bnVsbA==",
          "dependencies": [
            "module.tf_next.aws_cloudfront_cache_policy.this",
            "module.tf_next.data.aws_cloudfront_cache_policy.managed_caching_optimized",
            "module.tf_next.data.aws_cloudfront_origin_request_policy.managed_all_viewer",
            "module.tf_next.data.aws_cloudfront_origin_request_policy.managed_cors_s3_origin",
            "module.tf_next.module.api_gateway.aws_apigatewayv2_api.this",
            "module.tf_next.module.cloudfront_main.aws_cloudfront_distribution.distribution",
            "module.tf_next.module.next_image.aws_cloudfront_cache_policy.this",
            "module.tf_next.module.next_image.aws_cloudfront_origin_request_policy.this",
            "module.tf_next.module.next_image.data.aws_region.current",
            "module.tf_next.module.next_image.module.api_gateway.aws_apigatewayv2_api.this",
            "module.tf_next.module.proxy.module.edge_proxy.aws_lambda_function.this",
            "module.tf_next.module.proxy_config.aws_cloudfront_distribution.distribution",
            "module.tf_next.module.statics_deploy.aws_cloudfront_origin_access_identity.this",
            "module.tf_next.module.statics_deploy.aws_s3_bucket.static_deploy",
            "module.tf_next.module.statics_deploy.data.aws_iam_policy_document.access_sqs_queue",
            "module.tf_next.module.statics_deploy.data.aws_iam_policy_document.access_static_deploy",
            "module.tf_next.module.statics_deploy.data.aws_iam_policy_document.access_static_upload"
          ]
        }
      ]
    },
    {
      "module": "module.tf_next.module.statics_deploy.module.deploy_trigger",
      "mode": "managed",
      "type": "aws_iam_policy",
      "name": "logs",
      "provider": "provider[\"registry.terraform.io/hashicorp/aws\"]",
      "instances": [
        {
          "index_key": 0,
          "schema_version": 0,
          "attributes": {
            "arn": "arn:aws:iam::435287689194:policy/tf-next_tfn-deploy-logs",
            "description": "",
            "id": "arn:aws:iam::435287689194:policy/tf-next_tfn-deploy-logs",
            "name": "tf-next_tfn-deploy-logs",
            "name_prefix": null,
            "path": "/",
            "policy": "{\"Statement\":[{\"Action\":[\"logs:PutLogEvents\",\"logs:CreateLogStream\",\"logs:CreateLogGroup\"],\"Effect\":\"Allow\",\"Resource\":[\"arn:aws:logs:us-east-1:435287689194:log-group:/aws/lambda/tf-next_tfn-deploy:*:*\",\"arn:aws:logs:us-east-1:435287689194:log-group:/aws/lambda/tf-next_tfn-deploy:*\"],\"Sid\":\"\"}],\"Version\":\"2012-10-17\"}",
            "policy_id": "ANPAWKWJLA7VCMPWZUF52",
            "tags": {},
            "tags_all": {}
          },
          "sensitive_attributes": [],
          "private": "bnVsbA==",
          "dependencies": [
            "module.tf_next.module.statics_deploy.module.deploy_trigger.aws_cloudwatch_log_group.lambda",
            "module.tf_next.module.statics_deploy.module.deploy_trigger.data.aws_arn.log_group_arn",
            "module.tf_next.module.statics_deploy.module.deploy_trigger.data.aws_cloudwatch_log_group.lambda",
            "module.tf_next.module.statics_deploy.module.deploy_trigger.data.aws_iam_policy_document.logs"
          ]
        }
      ]
    },
    {
      "module": "module.tf_next.module.statics_deploy.module.deploy_trigger",
      "mode": "managed",
      "type": "aws_iam_role",
      "name": "lambda",
      "provider": "provider[\"registry.terraform.io/hashicorp/aws\"]",
      "instances": [
        {
          "index_key": 0,
          "schema_version": 0,
          "attributes": {
            "arn": "arn:aws:iam::435287689194:role/tf-next_tfn-deploy",
            "assume_role_policy": "{\"Version\":\"2012-10-17\",\"Statement\":[{\"Sid\":\"\",\"Effect\":\"Allow\",\"Principal\":{\"Service\":\"lambda.amazonaws.com\"},\"Action\":\"sts:AssumeRole\"}]}",
            "create_date": "2022-04-22T05:37:22Z",
            "description": "",
            "force_detach_policies": true,
            "id": "tf-next_tfn-deploy",
            "inline_policy": [
              {
                "name": "",
                "policy": ""
              }
            ],
            "managed_policy_arns": [
              "arn:aws:iam::435287689194:policy/tf-next_tfn-deploy-logs"
            ],
            "max_session_duration": 3600,
            "name": "tf-next_tfn-deploy",
            "name_prefix": "",
            "path": "/",
            "permissions_boundary": null,
            "tags": {},
            "tags_all": {},
            "unique_id": "AROAWKWJLA7VCPSO7IUMC"
          },
          "sensitive_attributes": [],
          "private": "bnVsbA==",
          "dependencies": [
            "module.tf_next.module.statics_deploy.module.deploy_trigger.data.aws_iam_policy_document.assume_role"
          ]
        }
      ]
    },
    {
      "module": "module.tf_next.module.statics_deploy.module.deploy_trigger",
      "mode": "managed",
      "type": "aws_iam_role_policy_attachment",
      "name": "additional_jsons",
      "provider": "provider[\"registry.terraform.io/hashicorp/aws\"]",
      "instances": [
        {
          "index_key": 0,
          "schema_version": 0,
          "attributes": {
            "id": "tf-next_tfn-deploy-20220422054818967400000002",
            "policy_arn": "arn:aws:iam::435287689194:policy/tf-next_tfn-deploy-0",
            "role": "tf-next_tfn-deploy"
          },
          "sensitive_attributes": [],
          "private": "bnVsbA==",
          "dependencies": [
            "module.tf_next.aws_cloudfront_cache_policy.this",
            "module.tf_next.data.aws_cloudfront_cache_policy.managed_caching_optimized",
            "module.tf_next.data.aws_cloudfront_origin_request_policy.managed_all_viewer",
            "module.tf_next.data.aws_cloudfront_origin_request_policy.managed_cors_s3_origin",
            "module.tf_next.module.api_gateway.aws_apigatewayv2_api.this",
            "module.tf_next.module.cloudfront_main.aws_cloudfront_distribution.distribution",
            "module.tf_next.module.next_image.aws_cloudfront_cache_policy.this",
            "module.tf_next.module.next_image.aws_cloudfront_origin_request_policy.this",
            "module.tf_next.module.next_image.data.aws_region.current",
            "module.tf_next.module.next_image.module.api_gateway.aws_apigatewayv2_api.this",
            "module.tf_next.module.proxy.module.edge_proxy.aws_lambda_function.this",
            "module.tf_next.module.proxy_config.aws_cloudfront_distribution.distribution",
            "module.tf_next.module.statics_deploy.aws_cloudfront_origin_access_identity.this",
            "module.tf_next.module.statics_deploy.aws_s3_bucket.static_deploy",
            "module.tf_next.module.statics_deploy.data.aws_iam_policy_document.access_sqs_queue",
            "module.tf_next.module.statics_deploy.data.aws_iam_policy_document.access_static_deploy",
            "module.tf_next.module.statics_deploy.data.aws_iam_policy_document.access_static_upload",
            "module.tf_next.module.statics_deploy.module.deploy_trigger.aws_iam_policy.additional_jsons",
            "module.tf_next.module.statics_deploy.module.deploy_trigger.aws_iam_role.lambda"
          ]
        },
        {
          "index_key": 1,
          "schema_version": 0,
          "attributes": {
            "id": "tf-next_tfn-deploy-20220422054818970800000003",
            "policy_arn": "arn:aws:iam::435287689194:policy/tf-next_tfn-deploy-1",
            "role": "tf-next_tfn-deploy"
          },
          "sensitive_attributes": [],
          "private": "bnVsbA==",
          "dependencies": [
            "module.tf_next.aws_cloudfront_cache_policy.this",
            "module.tf_next.data.aws_cloudfront_cache_policy.managed_caching_optimized",
            "module.tf_next.data.aws_cloudfront_origin_request_policy.managed_all_viewer",
            "module.tf_next.data.aws_cloudfront_origin_request_policy.managed_cors_s3_origin",
            "module.tf_next.module.api_gateway.aws_apigatewayv2_api.this",
            "module.tf_next.module.cloudfront_main.aws_cloudfront_distribution.distribution",
            "module.tf_next.module.next_image.aws_cloudfront_cache_policy.this",
            "module.tf_next.module.next_image.aws_cloudfront_origin_request_policy.this",
            "module.tf_next.module.next_image.data.aws_region.current",
            "module.tf_next.module.next_image.module.api_gateway.aws_apigatewayv2_api.this",
            "module.tf_next.module.proxy.module.edge_proxy.aws_lambda_function.this",
            "module.tf_next.module.proxy_config.aws_cloudfront_distribution.distribution",
            "module.tf_next.module.statics_deploy.aws_cloudfront_origin_access_identity.this",
            "module.tf_next.module.statics_deploy.aws_s3_bucket.static_deploy",
            "module.tf_next.module.statics_deploy.data.aws_iam_policy_document.access_sqs_queue",
            "module.tf_next.module.statics_deploy.data.aws_iam_policy_document.access_static_deploy",
            "module.tf_next.module.statics_deploy.data.aws_iam_policy_document.access_static_upload",
            "module.tf_next.module.statics_deploy.module.deploy_trigger.aws_iam_policy.additional_jsons",
            "module.tf_next.module.statics_deploy.module.deploy_trigger.aws_iam_role.lambda"
          ]
        },
        {
          "index_key": 2,
          "schema_version": 0,
          "attributes": {
            "id": "tf-next_tfn-deploy-20220422054818976700000004",
            "policy_arn": "arn:aws:iam::435287689194:policy/tf-next_tfn-deploy-2",
            "role": "tf-next_tfn-deploy"
          },
          "sensitive_attributes": [],
          "private": "bnVsbA==",
          "dependencies": [
            "module.tf_next.aws_cloudfront_cache_policy.this",
            "module.tf_next.data.aws_cloudfront_cache_policy.managed_caching_optimized",
            "module.tf_next.data.aws_cloudfront_origin_request_policy.managed_all_viewer",
            "module.tf_next.data.aws_cloudfront_origin_request_policy.managed_cors_s3_origin",
            "module.tf_next.module.api_gateway.aws_apigatewayv2_api.this",
            "module.tf_next.module.cloudfront_main.aws_cloudfront_distribution.distribution",
            "module.tf_next.module.next_image.aws_cloudfront_cache_policy.this",
            "module.tf_next.module.next_image.aws_cloudfront_origin_request_policy.this",
            "module.tf_next.module.next_image.data.aws_region.current",
            "module.tf_next.module.next_image.module.api_gateway.aws_apigatewayv2_api.this",
            "module.tf_next.module.proxy.module.edge_proxy.aws_lambda_function.this",
            "module.tf_next.module.proxy_config.aws_cloudfront_distribution.distribution",
            "module.tf_next.module.statics_deploy.aws_cloudfront_origin_access_identity.this",
            "module.tf_next.module.statics_deploy.aws_s3_bucket.static_deploy",
            "module.tf_next.module.statics_deploy.data.aws_iam_policy_document.access_sqs_queue",
            "module.tf_next.module.statics_deploy.data.aws_iam_policy_document.access_static_deploy",
            "module.tf_next.module.statics_deploy.data.aws_iam_policy_document.access_static_upload",
            "module.tf_next.module.statics_deploy.module.deploy_trigger.aws_iam_policy.additional_jsons",
            "module.tf_next.module.statics_deploy.module.deploy_trigger.aws_iam_role.lambda"
          ]
        }
      ]
    },
    {
      "module": "module.tf_next.module.statics_deploy.module.deploy_trigger",
      "mode": "managed",
      "type": "aws_iam_role_policy_attachment",
      "name": "logs",
      "provider": "provider[\"registry.terraform.io/hashicorp/aws\"]",
      "instances": [
        {
          "index_key": 0,
          "schema_version": 0,
          "attributes": {
            "id": "tf-next_tfn-deploy-2022042205372658360000000d",
            "policy_arn": "arn:aws:iam::435287689194:policy/tf-next_tfn-deploy-logs",
            "role": "tf-next_tfn-deploy"
          },
          "sensitive_attributes": [],
          "private": "bnVsbA==",
          "dependencies": [
            "module.tf_next.module.statics_deploy.module.deploy_trigger.aws_cloudwatch_log_group.lambda",
            "module.tf_next.module.statics_deploy.module.deploy_trigger.aws_iam_policy.logs",
            "module.tf_next.module.statics_deploy.module.deploy_trigger.aws_iam_role.lambda",
            "module.tf_next.module.statics_deploy.module.deploy_trigger.data.aws_arn.log_group_arn",
            "module.tf_next.module.statics_deploy.module.deploy_trigger.data.aws_cloudwatch_log_group.lambda",
            "module.tf_next.module.statics_deploy.module.deploy_trigger.data.aws_iam_policy_document.assume_role",
            "module.tf_next.module.statics_deploy.module.deploy_trigger.data.aws_iam_policy_document.logs"
          ]
        }
      ]
    },
    {
      "module": "module.tf_next.module.statics_deploy.module.deploy_trigger",
      "mode": "managed",
      "type": "aws_lambda_event_source_mapping",
      "name": "this",
      "provider": "provider[\"registry.terraform.io/hashicorp/aws\"]",
      "instances": [
        {
          "index_key": "sqs_source",
          "schema_version": 0,
          "attributes": {
            "batch_size": 10,
            "bisect_batch_on_function_error": false,
            "destination_config": [],
            "enabled": true,
            "event_source_arn": "arn:aws:sqs:us-east-1:435287689194:tf-next20220422053721339500000006",
            "filter_criteria": [],
            "function_arn": "arn:aws:lambda:us-east-1:435287689194:function:tf-next_tfn-deploy",
            "function_name": "arn:aws:lambda:us-east-1:435287689194:function:tf-next_tfn-deploy",
            "function_response_types": null,
            "id": "e9fb92b8-7eda-4a5e-984a-cdeb74a0acc0",
            "last_modified": "2022-04-22T05:48:26Z",
            "last_processing_result": "",
            "maximum_batching_window_in_seconds": 0,
            "maximum_record_age_in_seconds": 0,
            "maximum_retry_attempts": 0,
            "parallelization_factor": 0,
            "queues": null,
            "self_managed_event_source": [],
            "source_access_configuration": [],
            "starting_position": "",
            "starting_position_timestamp": "",
            "state": "Enabled",
            "state_transition_reason": "USER_INITIATED",
            "topics": null,
            "tumbling_window_in_seconds": 0,
            "uuid": "e9fb92b8-7eda-4a5e-984a-cdeb74a0acc0"
          },
          "sensitive_attributes": [],
          "private": "bnVsbA==",
          "dependencies": [
            "module.tf_next.aws_cloudfront_cache_policy.this",
            "module.tf_next.data.aws_cloudfront_cache_policy.managed_caching_optimized",
            "module.tf_next.data.aws_cloudfront_origin_request_policy.managed_all_viewer",
            "module.tf_next.data.aws_cloudfront_origin_request_policy.managed_cors_s3_origin",
            "module.tf_next.module.api_gateway.aws_apigatewayv2_api.this",
            "module.tf_next.module.cloudfront_main.aws_cloudfront_distribution.distribution",
            "module.tf_next.module.next_image.aws_cloudfront_cache_policy.this",
            "module.tf_next.module.next_image.aws_cloudfront_origin_request_policy.this",
            "module.tf_next.module.next_image.data.aws_region.current",
            "module.tf_next.module.next_image.module.api_gateway.aws_apigatewayv2_api.this",
            "module.tf_next.module.proxy.module.edge_proxy.aws_lambda_function.this",
            "module.tf_next.module.proxy_config.aws_cloudfront_distribution.distribution",
            "module.tf_next.module.statics_deploy.aws_cloudfront_origin_access_identity.this",
            "module.tf_next.module.statics_deploy.aws_s3_bucket.static_deploy",
            "module.tf_next.module.statics_deploy.aws_sqs_queue.this",
            "module.tf_next.module.statics_deploy.module.deploy_trigger.aws_cloudwatch_log_group.lambda",
            "module.tf_next.module.statics_deploy.module.deploy_trigger.aws_iam_role.lambda",
            "module.tf_next.module.statics_deploy.module.deploy_trigger.aws_lambda_function.this",
            "module.tf_next.module.statics_deploy.module.deploy_trigger.aws_s3_object.lambda_package",
            "module.tf_next.module.statics_deploy.module.deploy_trigger.data.external.archive_prepare",
            "module.tf_next.module.statics_deploy.module.deploy_trigger.null_resource.archive",
            "module.tf_next.module.statics_deploy.module.lambda_content.data.external.download",
            "module.tf_next.module.statics_deploy.module.lambda_content.data.external.this"
          ]
        }
      ]
    },
    {
      "module": "module.tf_next.module.statics_deploy.module.deploy_trigger",
      "mode": "managed",
      "type": "aws_lambda_function",
      "name": "this",
      "provider": "provider[\"registry.terraform.io/hashicorp/aws\"]",
      "instances": [
        {
          "index_key": 0,
          "schema_version": 0,
          "attributes": {
            "architectures": [
              "x86_64"
            ],
            "arn": "arn:aws:lambda:us-east-1:435287689194:function:tf-next_tfn-deploy",
            "code_signing_config_arn": "",
            "dead_letter_config": [],
            "description": "Managed by Terraform Next.js",
            "environment": [
              {
                "variables": {
                  "DISTRIBUTION_ID": "E1G947X97S1WD5",
                  "EXPIRE_AFTER_DAYS": "30",
                  "NODE_ENV": "production",
                  "SQS_QUEUE_URL": "https://sqs.us-east-1.amazonaws.com/435287689194/tf-next20220422053721339500000006",
                  "TARGET_BUCKET": "tf-next-tfn-static20220422053723594600000008"
                }
              }
            ],
            "ephemeral_storage": [
              {
                "size": 512
              }
            ],
            "file_system_config": [],
            "filename": ".terraform/modules/tf_next.statics_deploy.lambda_content/download/@millihq/terraform-next-deploy-trigger/dist.zip",
            "function_name": "tf-next_tfn-deploy",
            "handler": "handler.handler",
            "id": "tf-next_tfn-deploy",
            "image_config": [],
            "image_uri": "",
            "invoke_arn": "arn:aws:apigateway:us-east-1:lambda:path/2015-03-31/functions/arn:aws:lambda:us-east-1:435287689194:function:tf-next_tfn-deploy/invocations",
            "kms_key_arn": "",
            "last_modified": "2022-04-22T05:48:18.744+0000",
            "layers": null,
            "memory_size": 1024,
            "package_type": "Zip",
            "publish": true,
            "qualified_arn": "arn:aws:lambda:us-east-1:435287689194:function:tf-next_tfn-deploy:1",
            "reserved_concurrent_executions": 1,
            "role": "arn:aws:iam::435287689194:role/tf-next_tfn-deploy",
            "runtime": "nodejs14.x",
            "s3_bucket": null,
            "s3_key": null,
            "s3_object_version": null,
            "signing_job_arn": "",
            "signing_profile_version_arn": "",
            "source_code_hash": "J1aGGN49INaqJ5b8bLME6viBAmeeU4xI/LR+5SUEqBQ=",
            "source_code_size": 181533,
            "tags": null,
            "tags_all": {},
            "timeout": 60,
            "timeouts": null,
            "tracing_config": [
              {
                "mode": "PassThrough"
              }
            ],
            "version": "1",
            "vpc_config": []
          },
          "sensitive_attributes": [],
          "private": "eyJlMmJmYjczMC1lY2FhLTExZTYtOGY4OC0zNDM2M2JjN2M0YzAiOnsiY3JlYXRlIjo2MDAwMDAwMDAwMDB9fQ==",
          "dependencies": [
            "module.tf_next.aws_cloudfront_cache_policy.this",
            "module.tf_next.data.aws_cloudfront_cache_policy.managed_caching_optimized",
            "module.tf_next.data.aws_cloudfront_origin_request_policy.managed_all_viewer",
            "module.tf_next.data.aws_cloudfront_origin_request_policy.managed_cors_s3_origin",
            "module.tf_next.module.api_gateway.aws_apigatewayv2_api.this",
            "module.tf_next.module.cloudfront_main.aws_cloudfront_distribution.distribution",
            "module.tf_next.module.next_image.aws_cloudfront_cache_policy.this",
            "module.tf_next.module.next_image.aws_cloudfront_origin_request_policy.this",
            "module.tf_next.module.next_image.data.aws_region.current",
            "module.tf_next.module.next_image.module.api_gateway.aws_apigatewayv2_api.this",
            "module.tf_next.module.proxy.module.edge_proxy.aws_lambda_function.this",
            "module.tf_next.module.proxy_config.aws_cloudfront_distribution.distribution",
            "module.tf_next.module.statics_deploy.aws_cloudfront_origin_access_identity.this",
            "module.tf_next.module.statics_deploy.aws_s3_bucket.static_deploy",
            "module.tf_next.module.statics_deploy.aws_sqs_queue.this",
            "module.tf_next.module.statics_deploy.module.deploy_trigger.aws_cloudwatch_log_group.lambda",
            "module.tf_next.module.statics_deploy.module.deploy_trigger.aws_iam_role.lambda",
            "module.tf_next.module.statics_deploy.module.deploy_trigger.aws_s3_object.lambda_package",
            "module.tf_next.module.statics_deploy.module.deploy_trigger.data.external.archive_prepare",
            "module.tf_next.module.statics_deploy.module.deploy_trigger.null_resource.archive",
            "module.tf_next.module.statics_deploy.module.lambda_content.data.external.download",
            "module.tf_next.module.statics_deploy.module.lambda_content.data.external.this"
          ]
        }
      ]
    },
    {
      "module": "module.tf_next.module.statics_deploy.module.deploy_trigger",
      "mode": "managed",
      "type": "aws_lambda_permission",
      "name": "current_version_triggers",
      "provider": "provider[\"registry.terraform.io/hashicorp/aws\"]",
      "instances": [
        {
          "index_key": "AllowExecutionFromS3Bucket",
          "schema_version": 0,
          "attributes": {
            "action": "lambda:InvokeFunction",
            "event_source_token": null,
            "function_name": "tf-next_tfn-deploy",
            "id": "AllowExecutionFromS3Bucket",
            "principal": "s3.amazonaws.com",
            "principal_org_id": null,
            "qualifier": "1",
            "source_account": null,
            "source_arn": "arn:aws:s3:::tf-next-tfn-deploy20220422053721075500000003",
            "statement_id": "AllowExecutionFromS3Bucket",
            "statement_id_prefix": null
          },
          "sensitive_attributes": [],
          "private": "bnVsbA==",
          "dependencies": [
            "module.tf_next.aws_cloudfront_cache_policy.this",
            "module.tf_next.data.aws_cloudfront_cache_policy.managed_caching_optimized",
            "module.tf_next.data.aws_cloudfront_origin_request_policy.managed_all_viewer",
            "module.tf_next.data.aws_cloudfront_origin_request_policy.managed_cors_s3_origin",
            "module.tf_next.module.api_gateway.aws_apigatewayv2_api.this",
            "module.tf_next.module.cloudfront_main.aws_cloudfront_distribution.distribution",
            "module.tf_next.module.next_image.aws_cloudfront_cache_policy.this",
            "module.tf_next.module.next_image.aws_cloudfront_origin_request_policy.this",
            "module.tf_next.module.next_image.data.aws_region.current",
            "module.tf_next.module.next_image.module.api_gateway.aws_apigatewayv2_api.this",
            "module.tf_next.module.proxy.module.edge_proxy.aws_lambda_function.this",
            "module.tf_next.module.proxy_config.aws_cloudfront_distribution.distribution",
            "module.tf_next.module.statics_deploy.aws_cloudfront_origin_access_identity.this",
            "module.tf_next.module.statics_deploy.aws_s3_bucket.static_deploy",
            "module.tf_next.module.statics_deploy.aws_s3_bucket.static_upload",
            "module.tf_next.module.statics_deploy.aws_sns_topic.this",
            "module.tf_next.module.statics_deploy.aws_sqs_queue.this",
            "module.tf_next.module.statics_deploy.module.deploy_trigger.aws_cloudwatch_log_group.lambda",
            "module.tf_next.module.statics_deploy.module.deploy_trigger.aws_iam_role.lambda",
            "module.tf_next.module.statics_deploy.module.deploy_trigger.aws_lambda_function.this",
            "module.tf_next.module.statics_deploy.module.deploy_trigger.aws_s3_object.lambda_package",
            "module.tf_next.module.statics_deploy.module.deploy_trigger.data.external.archive_prepare",
            "module.tf_next.module.statics_deploy.module.deploy_trigger.null_resource.archive",
            "module.tf_next.module.statics_deploy.module.lambda_content.data.external.download",
            "module.tf_next.module.statics_deploy.module.lambda_content.data.external.this"
          ]
        },
        {
          "index_key": "InvalidationQueue",
          "schema_version": 0,
          "attributes": {
            "action": "lambda:InvokeFunction",
            "event_source_token": null,
            "function_name": "tf-next_tfn-deploy",
            "id": "InvalidationQueue",
            "principal": "sqs.amazonaws.com",
            "principal_org_id": null,
            "qualifier": "1",
            "source_account": null,
            "source_arn": "arn:aws:sns:us-east-1:435287689194:tf-next20220422053721072400000002",
            "statement_id": "InvalidationQueue",
            "statement_id_prefix": null
          },
          "sensitive_attributes": [],
          "private": "bnVsbA==",
          "dependencies": [
            "module.tf_next.aws_cloudfront_cache_policy.this",
            "module.tf_next.data.aws_cloudfront_cache_policy.managed_caching_optimized",
            "module.tf_next.data.aws_cloudfront_origin_request_policy.managed_all_viewer",
            "module.tf_next.data.aws_cloudfront_origin_request_policy.managed_cors_s3_origin",
            "module.tf_next.module.api_gateway.aws_apigatewayv2_api.this",
            "module.tf_next.module.cloudfront_main.aws_cloudfront_distribution.distribution",
            "module.tf_next.module.next_image.aws_cloudfront_cache_policy.this",
            "module.tf_next.module.next_image.aws_cloudfront_origin_request_policy.this",
            "module.tf_next.module.next_image.data.aws_region.current",
            "module.tf_next.module.next_image.module.api_gateway.aws_apigatewayv2_api.this",
            "module.tf_next.module.proxy.module.edge_proxy.aws_lambda_function.this",
            "module.tf_next.module.proxy_config.aws_cloudfront_distribution.distribution",
            "module.tf_next.module.statics_deploy.aws_cloudfront_origin_access_identity.this",
            "module.tf_next.module.statics_deploy.aws_s3_bucket.static_deploy",
            "module.tf_next.module.statics_deploy.aws_s3_bucket.static_upload",
            "module.tf_next.module.statics_deploy.aws_sns_topic.this",
            "module.tf_next.module.statics_deploy.aws_sqs_queue.this",
            "module.tf_next.module.statics_deploy.module.deploy_trigger.aws_cloudwatch_log_group.lambda",
            "module.tf_next.module.statics_deploy.module.deploy_trigger.aws_iam_role.lambda",
            "module.tf_next.module.statics_deploy.module.deploy_trigger.aws_lambda_function.this",
            "module.tf_next.module.statics_deploy.module.deploy_trigger.aws_s3_object.lambda_package",
            "module.tf_next.module.statics_deploy.module.deploy_trigger.data.external.archive_prepare",
            "module.tf_next.module.statics_deploy.module.deploy_trigger.null_resource.archive",
            "module.tf_next.module.statics_deploy.module.lambda_content.data.external.download",
            "module.tf_next.module.statics_deploy.module.lambda_content.data.external.this"
          ]
        }
      ]
    },
    {
      "module": "module.tf_next.module.statics_deploy.module.deploy_trigger",
      "mode": "managed",
      "type": "aws_lambda_permission",
      "name": "unqualified_alias_triggers",
      "provider": "provider[\"registry.terraform.io/hashicorp/aws\"]",
      "instances": [
        {
          "index_key": "AllowExecutionFromS3Bucket",
          "schema_version": 0,
          "attributes": {
            "action": "lambda:InvokeFunction",
            "event_source_token": null,
            "function_name": "tf-next_tfn-deploy",
            "id": "AllowExecutionFromS3Bucket",
            "principal": "s3.amazonaws.com",
            "principal_org_id": null,
            "qualifier": "",
            "source_account": null,
            "source_arn": "arn:aws:s3:::tf-next-tfn-deploy20220422053721075500000003",
            "statement_id": "AllowExecutionFromS3Bucket",
            "statement_id_prefix": null
          },
          "sensitive_attributes": [],
          "private": "bnVsbA==",
          "dependencies": [
            "module.tf_next.aws_cloudfront_cache_policy.this",
            "module.tf_next.data.aws_cloudfront_cache_policy.managed_caching_optimized",
            "module.tf_next.data.aws_cloudfront_origin_request_policy.managed_all_viewer",
            "module.tf_next.data.aws_cloudfront_origin_request_policy.managed_cors_s3_origin",
            "module.tf_next.module.api_gateway.aws_apigatewayv2_api.this",
            "module.tf_next.module.cloudfront_main.aws_cloudfront_distribution.distribution",
            "module.tf_next.module.next_image.aws_cloudfront_cache_policy.this",
            "module.tf_next.module.next_image.aws_cloudfront_origin_request_policy.this",
            "module.tf_next.module.next_image.data.aws_region.current",
            "module.tf_next.module.next_image.module.api_gateway.aws_apigatewayv2_api.this",
            "module.tf_next.module.proxy.module.edge_proxy.aws_lambda_function.this",
            "module.tf_next.module.proxy_config.aws_cloudfront_distribution.distribution",
            "module.tf_next.module.statics_deploy.aws_cloudfront_origin_access_identity.this",
            "module.tf_next.module.statics_deploy.aws_s3_bucket.static_deploy",
            "module.tf_next.module.statics_deploy.aws_s3_bucket.static_upload",
            "module.tf_next.module.statics_deploy.aws_sns_topic.this",
            "module.tf_next.module.statics_deploy.aws_sqs_queue.this",
            "module.tf_next.module.statics_deploy.module.deploy_trigger.aws_cloudwatch_log_group.lambda",
            "module.tf_next.module.statics_deploy.module.deploy_trigger.aws_iam_role.lambda",
            "module.tf_next.module.statics_deploy.module.deploy_trigger.aws_lambda_function.this",
            "module.tf_next.module.statics_deploy.module.deploy_trigger.aws_s3_object.lambda_package",
            "module.tf_next.module.statics_deploy.module.deploy_trigger.data.external.archive_prepare",
            "module.tf_next.module.statics_deploy.module.deploy_trigger.null_resource.archive",
            "module.tf_next.module.statics_deploy.module.lambda_content.data.external.download",
            "module.tf_next.module.statics_deploy.module.lambda_content.data.external.this"
          ]
        },
        {
          "index_key": "InvalidationQueue",
          "schema_version": 0,
          "attributes": {
            "action": "lambda:InvokeFunction",
            "event_source_token": null,
            "function_name": "tf-next_tfn-deploy",
            "id": "InvalidationQueue",
            "principal": "sqs.amazonaws.com",
            "principal_org_id": null,
            "qualifier": "",
            "source_account": null,
            "source_arn": "arn:aws:sns:us-east-1:435287689194:tf-next20220422053721072400000002",
            "statement_id": "InvalidationQueue",
            "statement_id_prefix": null
          },
          "sensitive_attributes": [],
          "private": "bnVsbA==",
          "dependencies": [
            "module.tf_next.aws_cloudfront_cache_policy.this",
            "module.tf_next.data.aws_cloudfront_cache_policy.managed_caching_optimized",
            "module.tf_next.data.aws_cloudfront_origin_request_policy.managed_all_viewer",
            "module.tf_next.data.aws_cloudfront_origin_request_policy.managed_cors_s3_origin",
            "module.tf_next.module.api_gateway.aws_apigatewayv2_api.this",
            "module.tf_next.module.cloudfront_main.aws_cloudfront_distribution.distribution",
            "module.tf_next.module.next_image.aws_cloudfront_cache_policy.this",
            "module.tf_next.module.next_image.aws_cloudfront_origin_request_policy.this",
            "module.tf_next.module.next_image.data.aws_region.current",
            "module.tf_next.module.next_image.module.api_gateway.aws_apigatewayv2_api.this",
            "module.tf_next.module.proxy.module.edge_proxy.aws_lambda_function.this",
            "module.tf_next.module.proxy_config.aws_cloudfront_distribution.distribution",
            "module.tf_next.module.statics_deploy.aws_cloudfront_origin_access_identity.this",
            "module.tf_next.module.statics_deploy.aws_s3_bucket.static_deploy",
            "module.tf_next.module.statics_deploy.aws_s3_bucket.static_upload",
            "module.tf_next.module.statics_deploy.aws_sns_topic.this",
            "module.tf_next.module.statics_deploy.aws_sqs_queue.this",
            "module.tf_next.module.statics_deploy.module.deploy_trigger.aws_cloudwatch_log_group.lambda",
            "module.tf_next.module.statics_deploy.module.deploy_trigger.aws_iam_role.lambda",
            "module.tf_next.module.statics_deploy.module.deploy_trigger.aws_lambda_function.this",
            "module.tf_next.module.statics_deploy.module.deploy_trigger.aws_s3_object.lambda_package",
            "module.tf_next.module.statics_deploy.module.deploy_trigger.data.external.archive_prepare",
            "module.tf_next.module.statics_deploy.module.deploy_trigger.null_resource.archive",
            "module.tf_next.module.statics_deploy.module.lambda_content.data.external.download",
            "module.tf_next.module.statics_deploy.module.lambda_content.data.external.this"
          ]
        }
      ]
    },
    {
      "module": "module.tf_next.module.statics_deploy.module.lambda_content",
      "mode": "data",
      "type": "external",
      "name": "download",
      "provider": "provider[\"registry.terraform.io/hashicorp/external\"]",
      "instances": [
        {
          "index_key": 0,
          "schema_version": 0,
          "attributes": {
            "id": "-",
            "program": [
              "bash",
              ".terraform/modules/tf_next.statics_deploy.lambda_content/download.sh",
              "https://cdn.jsdelivr.net/npm/@millihq/terraform-next-deploy-trigger@0.12.1/dist.zip",
              ".terraform/modules/tf_next.statics_deploy.lambda_content/download/@millihq/terraform-next-deploy-trigger/dist.zip"
            ],
            "query": null,
            "result": {
              "path": ".terraform/modules/tf_next.statics_deploy.lambda_content/download/@millihq/terraform-next-deploy-trigger/dist.zip"
            },
            "working_dir": null
          },
          "sensitive_attributes": []
        }
      ]
    }
  ]
}
